
Microsoft Visual Studio Solution File, Format Version 12.00
# Visual Studio 14
VisualStudioVersion = 14.0.25420.1
MinimumVisualStudioVersion = 10.0.40219.1
Project("{8BC9CEB8-8B4A-11D0-8D11-00A0C91BC942}") = "wolfssl-lib", "wolfssl-lib.vcxproj", "{3BBA3633-A077-4A57-A242-0A22328E5CF6}"
EndProject
Global
	GlobalSection(SolutionConfigurationPlatforms) = preSolution
		Debug|INtime = Debug|INtime
		Release|INtime = Release|INtime
	EndGlobalSection
	GlobalSection(ProjectConfigurationPlatforms) = postSolution
		{3BBA3633-A077-4A57-A242-0A22328E5CF6}.Debug|INtime.ActiveCfg = Debug|INtime
		{3BBA3633-A077-4A57-A242-0A22328E5CF6}.Debug|INtime.Build.0 = Debug|INtime
		{3BBA3633-A077-4A57-A242-0A22328E5CF6}.Release|INtime.ActiveCfg = Release|INtime
		{3BBA3633-A077-4A57-A242-0A22328E5CF6}.Release|INtime.Build.0 = Release|INtime
	EndGlobalSection
	GlobalSection(SolutionProperties) = preSolution
		HideSolutionNode = FALSE
	EndGlobalSection
EndGlobal
