<?xml version="1.0" encoding="utf-8"?>
<Project ToolsVersion="4.0" xmlns="http://schemas.microsoft.com/developer/msbuild/2003">
  <ItemGroup>
    <Filter Include="Header Files">
      <UniqueIdentifier>{ac993124-4f5f-4d50-bb4d-af452b4180b6}</UniqueIdentifier>
      <Extensions>h;hpp</Extensions>
    </Filter>
    <Filter Include="Resource Files">
      <UniqueIdentifier>{30bd97bd-5121-4a27-b300-845d91df0116}</UniqueIdentifier>
    </Filter>
    <Filter Include="WolfSSL Files">
      <UniqueIdentifier>{2731bfdb-9b54-4e54-8a4a-909c2784c107}</UniqueIdentifier>
      <Extensions>c;cpp</Extensions>
    </Filter>
    <Filter Include="WolfCrypt Files">
      <UniqueIdentifier>{ff4cd7d3-242f-4c2e-943c-7e58bd8a76cb}</UniqueIdentifier>
    </Filter>
  </ItemGroup>
  <ItemGroup>
    <ClCompile Include="..\..\wolfcrypt\src\aes.c">
      <Filter>WolfCrypt Files</Filter>
    </ClCompile>
    <ClCompile Include="..\..\wolfcrypt\src\arc4.c">
      <Filter>WolfCrypt Files</Filter>
    </ClCompile>
    <ClCompile Include="..\..\wolfcrypt\src\asm.c">
      <Filter>WolfCrypt Files</Filter>
    </ClCompile>
    <ClCompile Include="..\..\wolfcrypt\src\asn.c">
      <Filter>WolfCrypt Files</Filter>
    </ClCompile>
    <ClCompile Include="..\..\wolfcrypt\src\blake2b.c">
      <Filter>WolfCrypt Files</Filter>
    </ClCompile>
    <ClCompile Include="..\..\wolfcrypt\src\camellia.c">
      <Filter>WolfCrypt Files</Filter>
    </ClCompile>
    <ClCompile Include="..\..\wolfcrypt\src\chacha.c">
      <Filter>WolfCrypt Files</Filter>
    </ClCompile>
    <ClCompile Include="..\..\wolfcrypt\src\chacha20_poly1305.c">
      <Filter>WolfCrypt Files</Filter>
    </ClCompile>
    <ClCompile Include="..\..\wolfcrypt\src\cmac.c">
      <Filter>WolfCrypt Files</Filter>
    </ClCompile>
    <ClCompile Include="..\..\wolfcrypt\src\coding.c">
      <Filter>WolfCrypt Files</Filter>
    </ClCompile>
    <ClCompile Include="..\..\wolfcrypt\src\compress.c">
      <Filter>WolfCrypt Files</Filter>
    </ClCompile>
    <ClCompile Include="..\..\wolfcrypt\src\curve25519.c">
      <Filter>WolfCrypt Files</Filter>
    </ClCompile>
    <ClCompile Include="..\..\wolfcrypt\src\des3.c">
      <Filter>WolfCrypt Files</Filter>
    </ClCompile>
    <ClCompile Include="..\..\wolfcrypt\src\dh.c">
      <Filter>WolfCrypt Files</Filter>
    </ClCompile>
    <ClCompile Include="..\..\wolfcrypt\src\dsa.c">
      <Filter>WolfCrypt Files</Filter>
    </ClCompile>
    <ClCompile Include="..\..\wolfcrypt\src\ecc.c">
      <Filter>WolfCrypt Files</Filter>
    </ClCompile>
    <ClCompile Include="..\..\wolfcrypt\src\ecc_fp.c">
      <Filter>WolfCrypt Files</Filter>
    </ClCompile>
    <ClCompile Include="..\..\wolfcrypt\src\ed25519.c">
      <Filter>WolfCrypt Files</Filter>
    </ClCompile>
    <ClCompile Include="..\..\wolfcrypt\src\error.c">
      <Filter>WolfCrypt Files</Filter>
    </ClCompile>
    <ClCompile Include="..\..\wolfcrypt\src\fe_low_mem.c">
      <Filter>WolfCrypt Files</Filter>
    </ClCompile>
    <ClCompile Include="..\..\wolfcrypt\src\fe_operations.c">
      <Filter>WolfCrypt Files</Filter>
    </ClCompile>
    <ClCompile Include="..\..\wolfcrypt\src\ge_low_mem.c">
      <Filter>WolfCrypt Files</Filter>
    </ClCompile>
    <ClCompile Include="..\..\wolfcrypt\src\ge_operations.c">
      <Filter>WolfCrypt Files</Filter>
    </ClCompile>
    <ClCompile Include="..\..\wolfcrypt\src\hash.c">
      <Filter>WolfCrypt Files</Filter>
    </ClCompile>
    <ClCompile Include="..\..\wolfcrypt\src\hmac.c">
      <Filter>WolfCrypt Files</Filter>
    </ClCompile>
    <ClCompile Include="..\..\wolfcrypt\src\integer.c">
      <Filter>WolfCrypt Files</Filter>
    </ClCompile>
    <ClCompile Include="..\..\wolfcrypt\src\logging.c">
      <Filter>WolfCrypt Files</Filter>
    </ClCompile>
    <ClCompile Include="..\..\wolfcrypt\src\md2.c">
      <Filter>WolfCrypt Files</Filter>
    </ClCompile>
    <ClCompile Include="..\..\wolfcrypt\src\md4.c">
      <Filter>WolfCrypt Files</Filter>
    </ClCompile>
    <ClCompile Include="..\..\wolfcrypt\src\md5.c">
      <Filter>WolfCrypt Files</Filter>
    </ClCompile>
    <ClCompile Include="..\..\wolfcrypt\src\memory.c">
      <Filter>WolfCrypt Files</Filter>
    </ClCompile>
    <ClCompile Include="..\..\wolfcrypt\src\pkcs7.c">
      <Filter>WolfCrypt Files</Filter>
    </ClCompile>
    <ClCompile Include="..\..\wolfcrypt\src\pkcs12.c">
      <Filter>WolfCrypt Files</Filter>
    </ClCompile>
    <ClCompile Include="..\..\wolfcrypt\src\poly1305.c">
      <Filter>WolfCrypt Files</Filter>
    </ClCompile>
    <ClCompile Include="..\..\wolfcrypt\src\pwdbased.c">
      <Filter>WolfCrypt Files</Filter>
    </ClCompile>
    <ClCompile Include="..\..\wolfcrypt\src\random.c">
      <Filter>WolfCrypt Files</Filter>
    </ClCompile>
    <ClCompile Include="..\..\wolfcrypt\src\ripemd.c">
      <Filter>WolfCrypt Files</Filter>
    </ClCompile>
    <ClCompile Include="..\..\wolfcrypt\src\rsa.c">
      <Filter>WolfCrypt Files</Filter>
    </ClCompile>
    <ClCompile Include="..\..\wolfcrypt\src\sha.c">
      <Filter>WolfCrypt Files</Filter>
    </ClCompile>
    <ClCompile Include="..\..\wolfcrypt\src\sha256.c">
      <Filter>WolfCrypt Files</Filter>
    </ClCompile>
    <ClCompile Include="..\..\wolfcrypt\src\sha512.c">
      <Filter>WolfCrypt Files</Filter>
    </ClCompile>
    <ClCompile Include="..\..\wolfcrypt\src\signature.c">
      <Filter>WolfCrypt Files</Filter>
    </ClCompile>
    <ClCompile Include="..\..\wolfcrypt\src\srp.c">
      <Filter>WolfCrypt Files</Filter>
    </ClCompile>
    <ClCompile Include="..\..\wolfcrypt\src\tfm.c">
      <Filter>WolfCrypt Files</Filter>
    </ClCompile>
    <ClCompile Include="..\..\wolfcrypt\src\wc_encrypt.c">
      <Filter>WolfCrypt Files</Filter>
    </ClCompile>
    <ClCompile Include="..\..\wolfcrypt\src\wc_port.c">
      <Filter>WolfCrypt Files</Filter>
    </ClCompile>
    <ClCompile Include="..\..\wolfcrypt\src\wolfevent.c">
      <Filter>WolfCrypt Files</Filter>
    </ClCompile>
    <ClCompile Include="..\..\wolfcrypt\src\wolfmath.c">
      <Filter>WolfCrypt Files</Filter>
    </ClCompile>
    <ClCompile Include="..\..\src\crl.c">
      <Filter>WolfSSL Files</Filter>
    </ClCompile>
    <ClCompile Include="..\..\src\internal.c">
      <Filter>WolfSSL Files</Filter>
    </ClCompile>
    <ClCompile Include="..\..\src\keys.c">
      <Filter>WolfSSL Files</Filter>
    </ClCompile>
    <ClCompile Include="..\..\src\ocsp.c">
      <Filter>WolfSSL Files</Filter>
    </ClCompile>
    <ClCompile Include="..\..\src\sniffer.c">
      <Filter>WolfSSL Files</Filter>
    </ClCompile>
    <ClCompile Include="..\..\src\ssl.c">
      <Filter>WolfSSL Files</Filter>
    </ClCompile>
    <ClCompile Include="..\..\src\tls.c">
      <Filter>WolfSSL Files</Filter>
    </ClCompile>
    <ClCompile Include="libwolfssl.c">
      <Filter>WolfSSL Files</Filter>
    </ClCompile>
    <ClCompile Include="..\..\wolfcrypt\src\cpuid.c">
      <Filter>WolfSSL Files</Filter>
    </ClCompile>
    <ClCompile Include="..\..\wolfcrypt\src\sha3.c">
      <Filter>WolfSSL Files</Filter>
    </ClCompile>
    <ClCompile Include="..\..\wolfcrypt\src\sp_int.c">
      <Filter>WolfSSL Files</Filter>
    </ClCompile>
    <ClCompile Include="..\..\src\wolfio.c">
      <Filter>WolfSSL Files</Filter>
    </ClCompile>
    <ClCompile Include="..\..\wolfcrypt\src\kdf.c">
      <Filter>WolfCrypt Files</Filter>
    </ClCompile>
    <ClCompile Include="..\..\wolfcrypt\src\async.c">
      <Filter>WolfCrypt Files</Filter>
    </ClCompile>
    <ClCompile Include="..\..\wolfcrypt\src\blake2s.c">
      <Filter>WolfCrypt Files</Filter>
    </ClCompile>
    <ClCompile Include="..\..\wolfcrypt\src\cryptocb.c">
      <Filter>WolfCrypt Files</Filter>
    </ClCompile>
    <ClCompile Include="..\..\wolfcrypt\src\curve448.c">
      <Filter>WolfCrypt Files</Filter>
    </ClCompile>
    <ClCompile Include="..\..\wolfcrypt\src\dilithium.c">
      <Filter>WolfCrypt Files</Filter>
    </ClCompile>
    <ClCompile Include="..\..\wolfcrypt\src\eccsi.c">
      <Filter>WolfCrypt Files</Filter>
    </ClCompile>
    <ClCompile Include="..\..\wolfcrypt\src\ed448.c">
      <Filter>WolfCrypt Files</Filter>
    </ClCompile>
    <ClCompile Include="..\..\wolfcrypt\src\ext_kyber.c">
      <Filter>WolfCrypt Files</Filter>
    </ClCompile>
    <ClCompile Include="..\..\wolfcrypt\src\ext_lms.c">
      <Filter>WolfCrypt Files</Filter>
    </ClCompile>
    <ClCompile Include="..\..\wolfcrypt\src\ext_xmss.c">
      <Filter>WolfCrypt Files</Filter>
    </ClCompile>
    <ClCompile Include="..\..\wolfcrypt\src\falcon.c">
      <Filter>WolfCrypt Files</Filter>
    </ClCompile>
    <ClCompile Include="..\..\wolfcrypt\src\fe_448.c">
      <Filter>WolfCrypt Files</Filter>
    </ClCompile>
    <ClCompile Include="..\..\wolfcrypt\src\fips.c">
      <Filter>WolfCrypt Files</Filter>
    </ClCompile>
    <ClCompile Include="..\..\wolfcrypt\src\fips_test.c">
      <Filter>WolfCrypt Files</Filter>
    </ClCompile>
    <ClCompile Include="..\..\wolfcrypt\src\ge_448.c">
      <Filter>WolfCrypt Files</Filter>
    </ClCompile>
    <ClCompile Include="..\..\wolfcrypt\src\hpke.c">
      <Filter>WolfCrypt Files</Filter>
    </ClCompile>
    <ClCompile Include="..\..\wolfcrypt\src\misc.c">
      <Filter>WolfCrypt Files</Filter>
    </ClCompile>
    <ClCompile Include="..\..\wolfcrypt\src\rc2.c">
      <Filter>WolfCrypt Files</Filter>
    </ClCompile>
    <ClCompile Include="..\..\wolfcrypt\src\sakke.c">
      <Filter>WolfCrypt Files</Filter>
    </ClCompile>
    <ClCompile Include="..\..\wolfcrypt\src\selftest.c">
      <Filter>WolfCrypt Files</Filter>
    </ClCompile>
    <ClCompile Include="..\..\wolfcrypt\src\siphash.c">
      <Filter>WolfCrypt Files</Filter>
    </ClCompile>
    <ClCompile Include="..\..\wolfcrypt\src\sm2.c">
      <Filter>WolfCrypt Files</Filter>
    </ClCompile>
    <ClCompile Include="..\..\wolfcrypt\src\sm3.c">
      <Filter>WolfCrypt Files</Filter>
    </ClCompile>
    <ClCompile Include="..\..\wolfcrypt\src\sm4.c">
      <Filter>WolfCrypt Files</Filter>
    </ClCompile>
    <ClCompile Include="..\..\wolfcrypt\src\sp_arm32.c">
      <Filter>WolfCrypt Files</Filter>
    </ClCompile>
    <ClCompile Include="..\..\wolfcrypt\src\sp_arm64.c">
      <Filter>WolfCrypt Files</Filter>
    </ClCompile>
    <ClCompile Include="..\..\wolfcrypt\src\sp_armthumb.c">
      <Filter>WolfCrypt Files</Filter>
    </ClCompile>
    <ClCompile Include="..\..\wolfcrypt\src\sp_c32.c">
      <Filter>WolfCrypt Files</Filter>
    </ClCompile>
    <ClCompile Include="..\..\wolfcrypt\src\sp_c64.c">
      <Filter>WolfCrypt Files</Filter>
    </ClCompile>
    <ClCompile Include="..\..\wolfcrypt\src\sp_cortexm.c">
      <Filter>WolfCrypt Files</Filter>
    </ClCompile>
    <ClCompile Include="..\..\wolfcrypt\src\sp_dsp32.c">
      <Filter>WolfCrypt Files</Filter>
    </ClCompile>
    <ClCompile Include="..\..\wolfcrypt\src\sp_sm2_arm32.c">
      <Filter>WolfCrypt Files</Filter>
    </ClCompile>
    <ClCompile Include="..\..\wolfcrypt\src\sp_sm2_arm64.c">
      <Filter>WolfCrypt Files</Filter>
    </ClCompile>
    <ClCompile Include="..\..\wolfcrypt\src\sp_sm2_armthumb.c">
      <Filter>WolfCrypt Files</Filter>
    </ClCompile>
    <ClCompile Include="..\..\wolfcrypt\src\sp_sm2_c32.c">
      <Filter>WolfCrypt Files</Filter>
    </ClCompile>
    <ClCompile Include="..\..\wolfcrypt\src\sp_sm2_c64.c">
      <Filter>WolfCrypt Files</Filter>
    </ClCompile>
    <ClCompile Include="..\..\wolfcrypt\src\sp_sm2_cortexm.c">
      <Filter>WolfCrypt Files</Filter>
    </ClCompile>
    <ClCompile Include="..\..\wolfcrypt\src\sp_sm2_x86_64.c">
      <Filter>WolfCrypt Files</Filter>
    </ClCompile>
    <ClCompile Include="..\..\wolfcrypt\src\sp_x86_64.c">
      <Filter>WolfCrypt Files</Filter>
    </ClCompile>
    <ClCompile Include="..\..\wolfcrypt\src\sphincs.c">
      <Filter>WolfCrypt Files</Filter>
    </ClCompile>
    <ClCompile Include="..\..\wolfcrypt\src\wc_dsp.c">
      <Filter>WolfCrypt Files</Filter>
    </ClCompile>
    <ClCompile Include="..\..\wolfcrypt\src\wc_kyber.c">
      <Filter>WolfCrypt Files</Filter>
    </ClCompile>
    <ClCompile Include="..\..\wolfcrypt\src\wc_kyber_poly.c">
      <Filter>WolfCrypt Files</Filter>
    </ClCompile>
    <ClCompile Include="..\..\wolfcrypt\src\wc_lms.c">
      <Filter>WolfCrypt Files</Filter>
    </ClCompile>
    <ClCompile Include="..\..\wolfcrypt\src\wc_lms_impl.c">
      <Filter>WolfCrypt Files</Filter>
    </ClCompile>
    <ClCompile Include="..\..\wolfcrypt\src\wc_pkcs11.c">
      <Filter>WolfCrypt Files</Filter>
    </ClCompile>
    <ClCompile Include="..\..\wolfcrypt\src\wc_xmss.c">
      <Filter>WolfCrypt Files</Filter>
    </ClCompile>
    <ClCompile Include="..\..\wolfcrypt\src\wc_xmss_impl.c">
      <Filter>WolfCrypt Files</Filter>
    </ClCompile>
    <ClCompile Include="..\..\wolfcrypt\src\wolfcrypt_first.c">
      <Filter>WolfCrypt Files</Filter>
    </ClCompile>
    <ClCompile Include="..\..\wolfcrypt\src\wolfcrypt_last.c">
      <Filter>WolfCrypt Files</Filter>
    </ClCompile>
    <ClCompile Include="..\..\wolfcrypt\src\evp.c">
      <Filter>WolfCrypt Files</Filter>
    </ClCompile>
    <ClCompile Include="..\..\src\bio.c">
      <Filter>WolfSSL Files</Filter>
    </ClCompile>
    <ClCompile Include="..\..\src\conf.c">
      <Filter>WolfSSL Files</Filter>
    </ClCompile>
    <ClCompile Include="..\..\src\dtls.c">
      <Filter>WolfSSL Files</Filter>
    </ClCompile>
    <ClCompile Include="..\..\src\dtls13.c">
      <Filter>WolfSSL Files</Filter>
    </ClCompile>
    <ClCompile Include="..\..\src\pk.c">
      <Filter>WolfSSL Files</Filter>
    </ClCompile>
    <ClCompile Include="..\..\src\quic.c">
      <Filter>WolfSSL Files</Filter>
    </ClCompile>
    <ClCompile Include="..\..\src\ssl_asn1.c">
      <Filter>WolfSSL Files</Filter>
    </ClCompile>
    <ClCompile Include="..\..\src\ssl_bn.c">
      <Filter>WolfSSL Files</Filter>
    </ClCompile>
    <ClCompile Include="..\..\src\ssl_certman.c">
      <Filter>WolfSSL Files</Filter>
    </ClCompile>
    <ClCompile Include="..\..\src\ssl_crypto.c">
      <Filter>WolfSSL Files</Filter>
    </ClCompile>
    <ClCompile Include="..\..\src\ssl_load.c">
      <Filter>WolfSSL Files</Filter>
    </ClCompile>
    <ClCompile Include="..\..\src\ssl_misc.c">
      <Filter>WolfSSL Files</Filter>
    </ClCompile>
    <ClCompile Include="..\..\src\ssl_p7p12.c">
      <Filter>WolfSSL Files</Filter>
    </ClCompile>
    <ClCompile Include="..\..\src\ssl_sess.c">
      <Filter>WolfSSL Files</Filter>
    </ClCompile>
    <ClCompile Include="..\..\src\tls13.c">
      <Filter>WolfSSL Files</Filter>
    </ClCompile>
    <ClCompile Include="..\..\src\x509.c">
      <Filter>WolfSSL Files</Filter>
    </ClCompile>
    <ClCompile Include="..\..\src\x509_str.c">
      <Filter>WolfSSL Files</Filter>
    </ClCompile>
  </ItemGroup>
  <ItemGroup>
    <Text Include="README.md" />
  </ItemGroup>
  <ItemGroup>
    <None Include="..\..\wolfcrypt\src\chacha_asm.asm">
      <Filter>WolfCrypt Files</Filter>
    </None>
    <None Include="..\..\wolfcrypt\src\chacha_asm.S">
      <Filter>WolfCrypt Files</Filter>
    </None>
    <None Include="..\..\wolfcrypt\src\fe_x25519_asm.S">
      <Filter>WolfCrypt Files</Filter>
    </None>
    <None Include="..\..\wolfcrypt\src\fp_mont_small.i">
      <Filter>WolfCrypt Files</Filter>
    </None>
    <None Include="..\..\wolfcrypt\src\fp_mul_comba_3.i">
      <Filter>WolfCrypt Files</Filter>
    </None>
    <None Include="..\..\wolfcrypt\src\fp_mul_comba_4.i">
      <Filter>WolfCrypt Files</Filter>
    </None>
    <None Include="..\..\wolfcrypt\src\fp_mul_comba_6.i">
      <Filter>WolfCrypt Files</Filter>
    </None>
    <None Include="..\..\wolfcrypt\src\fp_mul_comba_7.i">
      <Filter>WolfCrypt Files</Filter>
    </None>
    <None Include="..\..\wolfcrypt\src\fp_mul_comba_8.i">
      <Filter>WolfCrypt Files</Filter>
    </None>
    <None Include="..\..\wolfcrypt\src\fp_mul_comba_9.i">
      <Filter>WolfCrypt Files</Filter>
    </None>
    <None Include="..\..\wolfcrypt\src\fp_mul_comba_12.i">
      <Filter>WolfCrypt Files</Filter>
    </None>
    <None Include="..\..\wolfcrypt\src\fp_mul_comba_17.i">
      <Filter>WolfCrypt Files</Filter>
    </None>
    <None Include="..\..\wolfcrypt\src\fp_mul_comba_20.i">
      <Filter>WolfCrypt Files</Filter>
    </None>
    <None Include="..\..\wolfcrypt\src\fp_mul_comba_24.i">
      <Filter>WolfCrypt Files</Filter>
    </None>
    <None Include="..\..\wolfcrypt\src\fp_mul_comba_28.i">
      <Filter>WolfCrypt Files</Filter>
    </None>
    <None Include="..\..\wolfcrypt\src\fp_mul_comba_32.i">
      <Filter>WolfCrypt Files</Filter>
    </None>
    <None Include="..\..\wolfcrypt\src\fp_mul_comba_48.i">
      <Filter>WolfCrypt Files</Filter>
    </None>
    <None Include="..\..\wolfcrypt\src\fp_mul_comba_64.i">
      <Filter>WolfCrypt Files</Filter>
    </None>
    <None Include="..\..\wolfcrypt\src\fp_mul_comba_small_set.i">
      <Filter>WolfCrypt Files</Filter>
    </None>
    <None Include="..\..\wolfcrypt\src\fp_sqr_comba_3.i">
      <Filter>WolfCrypt Files</Filter>
    </None>
    <None Include="..\..\wolfcrypt\src\fp_sqr_comba_4.i">
      <Filter>WolfCrypt Files</Filter>
    </None>
    <None Include="..\..\wolfcrypt\src\fp_sqr_comba_6.i">
      <Filter>WolfCrypt Files</Filter>
    </None>
    <None Include="..\..\wolfcrypt\src\fp_sqr_comba_7.i">
      <Filter>WolfCrypt Files</Filter>
    </None>
    <None Include="..\..\wolfcrypt\src\fp_sqr_comba_8.i">
      <Filter>WolfCrypt Files</Filter>
    </None>
    <None Include="..\..\wolfcrypt\src\fp_sqr_comba_9.i">
      <Filter>WolfCrypt Files</Filter>
    </None>
    <None Include="..\..\wolfcrypt\src\fp_sqr_comba_12.i">
      <Filter>WolfCrypt Files</Filter>
    </None>
    <None Include="..\..\wolfcrypt\src\fp_sqr_comba_17.i">
      <Filter>WolfCrypt Files</Filter>
    </None>
    <None Include="..\..\wolfcrypt\src\fp_sqr_comba_20.i">
      <Filter>WolfCrypt Files</Filter>
    </None>
    <None Include="..\..\wolfcrypt\src\fp_sqr_comba_24.i">
      <Filter>WolfCrypt Files</Filter>
    </None>
    <None Include="..\..\wolfcrypt\src\fp_sqr_comba_28.i">
      <Filter>WolfCrypt Files</Filter>
    </None>
    <None Include="..\..\wolfcrypt\src\fp_sqr_comba_32.i">
      <Filter>WolfCrypt Files</Filter>
    </None>
    <None Include="..\..\wolfcrypt\src\fp_sqr_comba_48.i">
      <Filter>WolfCrypt Files</Filter>
    </None>
    <None Include="..\..\wolfcrypt\src\fp_sqr_comba_64.i">
      <Filter>WolfCrypt Files</Filter>
    </None>
    <None Include="..\..\wolfcrypt\src\fp_sqr_comba_small_set.i">
      <Filter>WolfCrypt Files</Filter>
    </None>
    <None Include="..\..\wolfcrypt\src\include.am">
      <Filter>WolfCrypt Files</Filter>
    </None>
    <None Include="..\..\wolfcrypt\src\poly1305_asm.asm">
      <Filter>WolfCrypt Files</Filter>
    </None>
    <None Include="..\..\wolfcrypt\src\poly1305_asm.S">
      <Filter>WolfCrypt Files</Filter>
    </None>
    <None Include="..\..\wolfcrypt\src\sha3_asm.S">
      <Filter>WolfCrypt Files</Filter>
    </None>
    <None Include="..\..\wolfcrypt\src\sha256_asm.S">
      <Filter>WolfCrypt Files</Filter>
    </None>
    <None Include="..\..\wolfcrypt\src\sha512_asm.S">
      <Filter>WolfCrypt Files</Filter>
    </None>
    <None Include="..\..\wolfcrypt\src\sm3_asm.S">
      <Filter>WolfCrypt Files</Filter>
    </None>
    <None Include="..\..\wolfcrypt\src\sp_sm2_x86_64_asm.S">
      <Filter>WolfCrypt Files</Filter>
    </None>
    <None Include="..\..\wolfcrypt\src\sp_x86_64_asm.asm">
      <Filter>WolfCrypt Files</Filter>
    </None>
    <None Include="..\..\wolfcrypt\src\sp_x86_64_asm.S">
      <Filter>WolfCrypt Files</Filter>
    </None>
    <None Include="..\..\wolfcrypt\src\wc_kyber_asm.S">
      <Filter>WolfCrypt Files</Filter>
    </None>
  </ItemGroup>
  <ItemGroup>
    <ClInclude Include="..\..\wolfcrypt\src\fe_x25519_128.h">
      <Filter>WolfCrypt Files</Filter>
    </ClInclude>
  </ItemGroup>
</Project>