#MicroXplorer Configuration settings - do not modify
ADC1.Channel-0\#ChannelRegularConversion=ADC_CHANNEL_9
ADC1.IPParameters=Rank-0\#ChannelRegularConversion,master,Channel-0\#ChannelRegularConversion,SamplingTime-0\#ChannelRegularConversion,OffsetNumber-0\#ChannelRegularConversion,NbrOfConversionFlag
ADC1.NbrOfConversionFlag=1
ADC1.OffsetNumber-0\#ChannelRegularConversion=ADC_OFFSET_NONE
ADC1.Rank-0\#ChannelRegularConversion=1
ADC1.SamplingTime-0\#ChannelRegularConversion=ADC_SAMPLETIME_2CYCLES_5
ADC1.master=1
FREERTOS.FootprintOK=true
FREERTOS.IPParameters=Tasks01,configUSE_MALLOC_FAILED_HOOK,configCHECK_FOR_STACK_OVERFLOW,FootprintOK,configTOTAL_HEAP_SIZE
FREERTOS.Tasks01=defaultTask,24,128,StartDefaultTask,Default,NULL,Dynamic,NULL,NULL;wolfCrypt,8,35840,wolfCryptDemo,As external,NULL,Dynamic,NULL,NULL
FREERTOS.configCHECK_FOR_STACK_OVERFLOW=2
FREERTOS.configTOTAL_HEAP_SIZE=180000
FREERTOS.configUSE_MALLOC_FAILED_HOOK=1
File.Version=6
I2C1.IPParameters=Timing
I2C1.Timing=0x40505681
KeepUserPlacement=false
Mcu.Family=STM32L5
Mcu.IP0=ADC1
Mcu.IP1=AES
Mcu.IP10=NVIC
Mcu.IP11=OCTOSPI1
Mcu.IP12=PKA
Mcu.IP13=PWR
Mcu.IP14=RCC
Mcu.IP15=RNG
Mcu.IP16=RTC
Mcu.IP17=SAI1
Mcu.IP18=SDMMC1
Mcu.IP19=SPI1
Mcu.IP2=DEBUG
Mcu.IP20=SYS
Mcu.IP21=TIM4
Mcu.IP22=TIM16
Mcu.IP23=TIM17
Mcu.IP24=UCPD1
Mcu.IP25=USART1
Mcu.IP26=USB
Mcu.IP3=DFSDM1
Mcu.IP4=FMC
Mcu.IP5=FREERTOS
Mcu.IP6=GTZC
Mcu.IP7=HASH
Mcu.IP8=I2C1
Mcu.IP9=LPUART1
Mcu.IPNb=27
Mcu.Name=STM32L562QEIxQ
Mcu.Package=UFBGA132
Mcu.Pin0=PE5
Mcu.Pin1=PE3
Mcu.Pin10=PE2
Mcu.Pin11=PD4
Mcu.Pin12=PD1
Mcu.Pin13=PC12
Mcu.Pin14=PC10
Mcu.Pin15=PA12
Mcu.Pin16=PC14-OSC32_IN (PC14)
Mcu.Pin17=PE6
Mcu.Pin18=PC13
Mcu.Pin19=PB3 (JTDO/TRACESWO)
Mcu.Pin2=PE1
Mcu.Pin20=PD3
Mcu.Pin21=PD0
Mcu.Pin22=PA13 (JTMS/SWDIO)
Mcu.Pin23=PA14 (JTCK/SWCLK)
Mcu.Pin24=PA11
Mcu.Pin25=PC15-OSC32_OUT (PC15)
Mcu.Pin26=PF0
Mcu.Pin27=PF3
Mcu.Pin28=PB7
Mcu.Pin29=PB5
Mcu.Pin3=PB6
Mcu.Pin30=PD7
Mcu.Pin31=PA9
Mcu.Pin32=PA10
Mcu.Pin33=PA8
Mcu.Pin34=PF2
Mcu.Pin35=PF1
Mcu.Pin36=PC9
Mcu.Pin37=PC8
Mcu.Pin38=PH0-OSC_IN (PH0)
Mcu.Pin39=PC2
Mcu.Pin4=PG12
Mcu.Pin40=PC3
Mcu.Pin41=PG6
Mcu.Pin42=PG7
Mcu.Pin43=PG8
Mcu.Pin44=PC1
Mcu.Pin45=PG4
Mcu.Pin46=PG2
Mcu.Pin47=PG3
Mcu.Pin48=PG5
Mcu.Pin49=PC0
Mcu.Pin5=PD5
Mcu.Pin50=PD14
Mcu.Pin51=PD15
Mcu.Pin52=PF14
Mcu.Pin53=PE8
Mcu.Pin54=PE10
Mcu.Pin55=PE12
Mcu.Pin56=PD9
Mcu.Pin57=PA2
Mcu.Pin58=PA7
Mcu.Pin59=PB2
Mcu.Pin6=PD2
Mcu.Pin60=PF11
Mcu.Pin61=PG1
Mcu.Pin62=PE7
Mcu.Pin63=PE14
Mcu.Pin64=PB10
Mcu.Pin65=PB14
Mcu.Pin66=PB15
Mcu.Pin67=PA3
Mcu.Pin68=PA6
Mcu.Pin69=PA4
Mcu.Pin7=PC11
Mcu.Pin70=PB1
Mcu.Pin71=PF12
Mcu.Pin72=PF15
Mcu.Pin73=PE11
Mcu.Pin74=PE15
Mcu.Pin75=PB11
Mcu.Pin76=PB12
Mcu.Pin77=PD8
Mcu.Pin78=PB0
Mcu.Pin79=PE9
Mcu.Pin8=PA15 (JTDI)
Mcu.Pin80=PE13
Mcu.Pin81=PD10
Mcu.Pin82=VP_AES_VS_AES
Mcu.Pin83=VP_DFSDM1_VS_IN0
Mcu.Pin84=VP_DFSDM1_VS_IN2
Mcu.Pin85=VP_FREERTOS_VS_CMSIS_V2
Mcu.Pin86=VP_GTZC_VS_GTZC_Enable
Mcu.Pin87=VP_HASH_VS_HASH
Mcu.Pin88=VP_PKA_VS_PKA
Mcu.Pin89=VP_PWR_VS_DBSignals
Mcu.Pin9=PE4
Mcu.Pin90=VP_RNG_VS_RNG
Mcu.Pin91=VP_RTC_VS_RTC_Activate
Mcu.Pin92=VP_SYS_VS_tim1
Mcu.Pin93=VP_SYS_S_VS_Systick
Mcu.Pin94=VP_TIM4_VS_ControllerModeClock
Mcu.Pin95=VP_TIM4_VS_ClockSourceITR
Mcu.Pin96=VP_TIM16_VS_ClockSourceINT
Mcu.Pin97=VP_TIM17_VS_ClockSourceINT
Mcu.Pin98=VP_wolfSSL.wolfSSL_VS_wolfSSLJjwolfSSL_4.4.1
Mcu.PinsNb=99
Mcu.ThirdParty0=wolfSSL.wolfSSL.4.4.1
Mcu.ThirdPartyNb=1
Mcu.TrustZone=disable
Mcu.UserConstants=
Mcu.UserName=STM32L562QEIxQ
MxCube.Version=5.6.1
MxDb.Version=DB.5.0.60
NVIC.BusFault_IRQn=true\:0\:0\:false\:false\:true\:false\:false\:false
NVIC.DebugMonitor_IRQn=true\:0\:0\:false\:false\:true\:false\:false\:false
NVIC.ForceEnableDMAVector=true
NVIC.HardFault_IRQn=true\:0\:0\:false\:false\:true\:false\:false\:false
NVIC.MemoryManagement_IRQn=true\:0\:0\:false\:false\:true\:false\:false\:false
NVIC.NonMaskableInt_IRQn=true\:0\:0\:false\:false\:true\:false\:false\:false
NVIC.PendSV_IRQn=true\:7\:0\:false\:false\:false\:true\:false\:false
NVIC.PriorityGroup=NVIC_PRIORITYGROUP_3
NVIC.SVCall_IRQn=true\:0\:0\:false\:false\:false\:false\:false\:false
NVIC.SysTick_IRQn=true\:7\:0\:false\:false\:false\:true\:false\:false
NVIC.TIM1_UP_IRQn=true\:0\:0\:false\:false\:true\:false\:false\:true
NVIC.TimeBase=TIM1_UP_IRQn
NVIC.TimeBaseIP=TIM1
NVIC.UsageFault_IRQn=true\:0\:0\:false\:false\:true\:false\:false\:false
PA10.GPIOParameters=GPIO_Label
PA10.GPIO_Label=USART1_RX [ST-LINK_VCP_TX]
PA10.Locked=true
PA10.Mode=Asynchronous
PA10.Signal=USART1_RX
PA11.Locked=true
PA11.Mode=Device
PA11.Signal=USB_DM
PA12.Locked=true
PA12.Mode=Device
PA12.Signal=USB_DP
PA13\ (JTMS/SWDIO).Locked=true
PA13\ (JTMS/SWDIO).Mode=Trace_Asynchronous_SW
PA13\ (JTMS/SWDIO).Signal=DEBUG_JTMS-SWDIO
PA14\ (JTCK/SWCLK).Locked=true
PA14\ (JTCK/SWCLK).Mode=Trace_Asynchronous_SW
PA14\ (JTCK/SWCLK).Signal=DEBUG_JTCK-SWCLK
PA15\ (JTDI).Locked=true
PA15\ (JTDI).Mode=Source_AllSignals
PA15\ (JTDI).Signal=UCPD1_CC1
PA2.Locked=true
PA2.Mode=octods_mode
PA2.Signal=OCTOSPI1_NCS
PA3.Locked=true
PA3.Mode=octods_mode
PA3.Signal=OCTOSPI1_CLK
PA4.GPIOParameters=GPIO_Label
PA4.GPIO_Label=VBUS_SENSE
PA4.Locked=true
PA4.Signal=ADCx_IN9
PA6.Locked=true
PA6.Mode=octods_mode
PA6.Signal=OCTOSPI1_IO3
PA7.Locked=true
PA7.Mode=octods_mode
PA7.Signal=OCTOSPI1_IO2
PA8.GPIOParameters=GPIO_Label
PA8.GPIO_Label=LCD.TE
PA8.Locked=true
PA8.Signal=GPIO_Output
PA9.GPIOParameters=GPIO_Label
PA9.GPIO_Label=USART1_TX [ST-LINK_VCP_RX]
PA9.Locked=true
PA9.Mode=Asynchronous
PA9.Signal=USART1_TX
PB0.Locked=true
PB0.Mode=octods_mode
PB0.Signal=OCTOSPI1_IO1
PB1.Locked=true
PB1.Mode=octods_mode
PB1.Signal=OCTOSPI1_IO0
PB10.Locked=true
PB10.Mode=Asynchronous
PB10.Signal=LPUART1_RX
PB11.Locked=true
PB11.Mode=Asynchronous
PB11.Signal=LPUART1_TX
PB12.Locked=true
PB12.Signal=S_DATAIN1DFSDM1
PB14.GPIOParameters=GPIO_Label
PB14.GPIO_Label=UCPD_FLT
PB14.Locked=true
PB14.Signal=GPIO_Input
PB15.Locked=true
PB15.Mode=Source_AllSignals
PB15.Signal=UCPD1_CC2
PB2.Locked=true
PB2.Mode=octods_mode
PB2.Signal=OCTOSPI1_DQS
PB3\ (JTDO/TRACESWO).Locked=true
PB3\ (JTDO/TRACESWO).Mode=Trace_Asynchronous_SW
PB3\ (JTDO/TRACESWO).Signal=DEBUG_JTDO-SWO
PB5.GPIOParameters=GPIO_Label
PB5.GPIO_Label=UCPD_DBn
PB5.Locked=true
PB5.Signal=GPIO_Output
PB6.Locked=true
PB6.Mode=I2C
PB6.Signal=I2C1_SCL
PB7.Locked=true
PB7.Mode=I2C
PB7.Signal=I2C1_SDA
PC0.Locked=true
PC0.Mode=octods_mode
PC0.Signal=OCTOSPI1_IO7
PC1.Locked=true
PC1.Mode=octods_mode
PC1.Signal=OCTOSPI1_IO4
PC10.Locked=true
PC10.Mode=SD_4_bits_Wide_bus
PC10.Signal=SDMMC1_D2
PC11.Locked=true
PC11.Mode=SD_4_bits_Wide_bus
PC11.Signal=SDMMC1_D3
PC12.Locked=true
PC12.Mode=SD_4_bits_Wide_bus
PC12.Signal=SDMMC1_CK
PC13.GPIOParameters=GPIO_Label
PC13.GPIO_Label=USER_BUTTON
PC13.Locked=true
PC13.Signal=GPIO_Input
PC14-OSC32_IN\ (PC14).Locked=true
PC14-OSC32_IN\ (PC14).Mode=LSE-External-Oscillator
PC14-OSC32_IN\ (PC14).Signal=RCC_OSC32_IN
PC15-OSC32_OUT\ (PC15).Locked=true
PC15-OSC32_OUT\ (PC15).Mode=LSE-External-Oscillator
PC15-OSC32_OUT\ (PC15).Signal=RCC_OSC32_OUT
PC2.Locked=true
PC2.Mode=octods_mode
PC2.Signal=OCTOSPI1_IO5
PC3.Locked=true
PC3.Mode=octods_mode
PC3.Signal=OCTOSPI1_IO6
PC8.Locked=true
PC8.Mode=SD_4_bits_Wide_bus
PC8.Signal=SDMMC1_D0
PC9.Locked=true
PC9.Mode=SD_4_bits_Wide_bus
PC9.Signal=SDMMC1_D1
PD0.Locked=true
PD0.Signal=FMC_D2_DA2
PD1.Locked=true
PD1.Signal=FMC_D3_DA3
PD10.Locked=true
PD10.Signal=FMC_D15_DA15
PD14.Locked=true
PD14.Signal=FMC_D0_DA0
PD15.Locked=true
PD15.Signal=FMC_D1_DA1
PD2.Locked=true
PD2.Mode=SD_4_bits_Wide_bus
PD2.Signal=SDMMC1_CMD
PD3.GPIOParameters=GPIO_Label
PD3.GPIO_Label=LED_RED
PD3.Locked=true
PD3.Signal=GPIO_Output
PD4.Locked=true
PD4.Signal=FMC_NOE
PD5.Locked=true
PD5.Signal=FMC_NWE
PD7.Locked=true
PD7.Mode=NorPsramChipSelect1_1
PD7.Signal=FMC_NE1
PD8.Locked=true
PD8.Signal=FMC_D13_DA13
PD9.Locked=true
PD9.Signal=FMC_D14_DA14
PE1.GPIOParameters=GPIO_Label
PE1.GPIO_Label=LCD_BL_PWM
PE1.Locked=true
PE1.Signal=S_TIM17_CH1
PE10.Locked=true
PE10.Signal=FMC_D7_DA7
PE11.Locked=true
PE11.Signal=FMC_D8_DA8
PE12.Locked=true
PE12.Signal=FMC_D9_DA9
PE13.Locked=true
PE13.Signal=FMC_D10_DA10
PE14.Locked=true
PE14.Signal=FMC_D11_DA11
PE15.Locked=true
PE15.Signal=FMC_D12_DA12
PE2.Locked=true
PE2.Mode=SAI_A_MasterWithClock
PE2.Signal=SAI1_MCLK_A
PE3.Locked=true
PE3.Mode=SAI_B_SPDIF
PE3.Signal=SAI1_SD_B
PE4.Locked=true
PE4.Mode=SAI_A_MasterWithClock
PE4.Signal=SAI1_FS_A
PE5.Locked=true
PE5.Mode=SAI_A_MasterWithClock
PE5.Signal=SAI1_SCK_A
PE6.Locked=true
PE6.Mode=SAI_A_MasterWithClock
PE6.Signal=SAI1_SD_A
PE7.Locked=true
PE7.Signal=FMC_D4_DA4
PE8.Locked=true
PE8.Signal=FMC_D5_DA5
PE9.Locked=true
PE9.Signal=FMC_D6_DA6
PF0.Locked=true
PF0.Signal=FMC_A0
PF1.GPIOParameters=GPIO_Label
PF1.GPIO_Label=CTP_INT
PF1.Locked=true
PF1.Signal=GPXTI1
PF11.GPIOParameters=GPIO_Label
PF11.GPIO_Label=STMOD_SEL_12
PF11.Locked=true
PF11.Signal=GPIO_Output
PF12.GPIOParameters=GPIO_Label
PF12.GPIO_Label=STMOD_SEL_34
PF12.Locked=true
PF12.Signal=GPIO_Output
PF14.GPIOParameters=GPIO_Label
PF14.GPIO_Label=LCD_RST
PF14.Locked=true
PF14.Signal=GPIO_Output
PF15.GPIOParameters=GPIO_Label
PF15.GPIO_Label=CTP_RST
PF15.Locked=true
PF15.Signal=GPIO_Output
PF2.GPIOParameters=GPIO_Label
PF2.GPIO_Label=SDIO_DETECT
PF2.Locked=true
PF2.Signal=GPXTI2
PF3.GPIOParameters=GPIO_Label
PF3.GPIO_Label=GYRO_ACC_INT
PF3.Locked=true
PF3.Signal=GPXTI3
PG1.GPIOParameters=GPIO_Label
PG1.GPIO_Label=AUDIO_RESETN
PG1.Locked=true
PG1.Signal=GPIO_Output
PG12.GPIOParameters=GPIO_Label
PG12.GPIO_Label=LED_GREEN
PG12.Locked=true
PG12.Signal=GPIO_Output
PG2.Locked=true
PG2.Mode=Full_Duplex_Master
PG2.Signal=SPI1_SCK
PG3.Locked=true
PG3.Mode=Full_Duplex_Master
PG3.Signal=SPI1_MISO
PG4.Locked=true
PG4.Mode=Full_Duplex_Master
PG4.Signal=SPI1_MOSI
PG5.GPIOParameters=GPIO_Label
PG5.GPIO_Label=BLE_CSN
PG5.Locked=true
PG5.Mode=NSS_Signal_Hard_Input
PG5.Signal=SPI1_NSS
PG6.GPIOParameters=GPIO_Label
PG6.GPIO_Label=BLE_INT
PG6.Locked=true
PG6.Signal=GPXTI6
PG7.Locked=true
PG7.Signal=S_CKOUTDFSDM1
PG8.GPIOParameters=GPIO_Label
PG8.GPIO_Label=BLE_RSTN
PG8.Locked=true
PG8.Signal=GPIO_Output
PH0-OSC_IN\ (PH0).GPIOParameters=GPIO_Label
PH0-OSC_IN\ (PH0).GPIO_Label=LCD_PWR_ON
PH0-OSC_IN\ (PH0).Locked=true
PH0-OSC_IN\ (PH0).Signal=GPIO_Output
PinOutPanel.CurrentBGAView=Top
PinOutPanel.RotationAngle=0
ProjectManager.AskForMigrate=true
ProjectManager.BackupPrevious=false
ProjectManager.CompilerOptimize=6
ProjectManager.ComputerToolchain=false
ProjectManager.CoupleFile=false
ProjectManager.CustomerFirmwarePackage=
ProjectManager.DefaultFWLocation=true
ProjectManager.DeletePrevious=true
ProjectManager.DeviceId=STM32L562QEIxQ
ProjectManager.FirmwarePackage=STM32Cube FW_L5 V1.2.0
ProjectManager.FreePins=false
ProjectManager.HalAssertFull=false
ProjectManager.HeapSize=0x200
ProjectManager.KeepUserCode=true
ProjectManager.LastFirmware=true
ProjectManager.LibraryCopy=1
ProjectManager.MainLocation=Core/Src
ProjectManager.NoMain=false
ProjectManager.PreviousToolchain=
ProjectManager.ProjectBuild=false
ProjectManager.ProjectFileName=STM32L562.ioc
ProjectManager.ProjectName=STM32L562
ProjectManager.StackSize=0x400
ProjectManager.TargetToolchain=STM32CubeIDE
ProjectManager.ToolChainLocation=
ProjectManager.UnderRoot=true
ProjectManager.functionlistsort=1-MX_GPIO_Init-GPIO-false-HAL-true,2-SystemClock_Config-RCC-false-HAL-false,3-MX_ADC1_Init-ADC1-false-HAL-true,4-MX_DFSDM1_Init-DFSDM1-false-HAL-true,5-MX_FMC_Init-FMC-false-HAL-true,6-MX_GTZC_Init-GTZC-false-HAL-true,7-MX_I2C1_Init-I2C1-false-HAL-true,8-MX_LPUART1_UART_Init-LPUART1-false-HAL-true,9-MX_USART1_UART_Init-USART1-false-HAL-true,10-MX_OCTOSPI1_Init-OCTOSPI1-false-HAL-true,11-MX_SAI1_Init-SAI1-false-HAL-true,12-MX_SDMMC1_SD_Init-SDMMC1-false-HAL-true,13-MX_SPI1_Init-SPI1-false-HAL-true,14-MX_TIM4_Init-TIM4-false-HAL-true,15-MX_TIM16_Init-TIM16-false-HAL-true,16-MX_TIM17_Init-TIM17-false-HAL-true,17-MX_UCPD1_Init-UCPD1-false-LL-true,18-MX_USB_PCD_Init-USB-false-HAL-true,19-MX_AES_Init-AES-false-HAL-true,20-MX_HASH_Init-HASH-false-HAL-true,21-MX_PKA_Init-PKA-false-HAL-true,22-MX_RNG_Init-RNG-false-HAL-true,0-MX_PWR_Init-PWR-false-HAL-true
RCC.ADCFreq_Value=96000000
RCC.AHBFreq_Value=110000000
RCC.APB1Freq_Value=110000000
RCC.APB1TimFreq_Value=110000000
RCC.APB2Freq_Value=110000000
RCC.APB2TimFreq_Value=110000000
RCC.CK48CLockSelection=RCC_USBCLKSOURCE_MSI
RCC.CRSFreq_Value=48000000
RCC.CortexFreq_Value=110000000
RCC.DFSDMAudioFreq_Value=48000000
RCC.DFSDMFreq_Value=110000000
RCC.FCLKCortexFreq_Value=110000000
RCC.FDCANFreq_Value=110000000
RCC.FamilyName=M
RCC.HCLKFreq_Value=110000000
RCC.HSE_VALUE=8000000
RCC.HSI48_VALUE=48000000
RCC.HSI_VALUE=16000000
RCC.I2C1Freq_Value=110000000
RCC.I2C2Freq_Value=110000000
RCC.I2C3Freq_Value=110000000
RCC.I2C4Freq_Value=110000000
RCC.IPParameters=ADCFreq_Value,AHBFreq_Value,APB1Freq_Value,APB1TimFreq_Value,APB2Freq_Value,APB2TimFreq_Value,CK48CLockSelection,CRSFreq_Value,CortexFreq_Value,DFSDMAudioFreq_Value,DFSDMFreq_Value,FCLKCortexFreq_Value,FDCANFreq_Value,FamilyName,HCLKFreq_Value,HSE_VALUE,HSI48_VALUE,HSI_VALUE,I2C1Freq_Value,I2C2Freq_Value,I2C3Freq_Value,I2C4Freq_Value,LPTIM1Freq_Value,LPTIM2Freq_Value,LPTIM3Freq_Value,LPUART1Freq_Value,LSCOPinFreq_Value,LSI_VALUE,MCO1PinFreq_Value,MSIClockRange,MSI_VALUE,OCTOSPIMFreq_Value,PLLM,PLLN,PLLPoutputFreq_Value,PLLQoutputFreq_Value,PLLRCLKFreq_Value,PLLSAI1M,PLLSAI1N,PLLSAI1P,PLLSAI1PoutputFreq_Value,PLLSAI1QoutputFreq_Value,PLLSAI1RoutputFreq_Value,PLLSAI1Source,PLLSAI2PoutputFreq_Value,PWRFreq_Value,RNGFreq_Value,SAI1Freq_Value,SAI2Freq_Value,SDMMCClockSelection,SDMMCFreq_Value,SYSCLKFreq_VALUE,SYSCLKSource,UART4Freq_Value,UART5Freq_Value,USART1Freq_Value,USART2Freq_Value,USART3Freq_Value,USBFreq_Value,VCOInput2Freq_Value,VCOInput3Freq_Value,VCOInputFreq_Value,VCOOutputFreq_Value,VCOSAI1OutputFreq_Value,VCOSAI2OutputFreq_Value
RCC.LPTIM1Freq_Value=110000000
RCC.LPTIM2Freq_Value=110000000
RCC.LPTIM3Freq_Value=110000000
RCC.LPUART1Freq_Value=110000000
RCC.LSCOPinFreq_Value=32000
RCC.LSI_VALUE=32000
RCC.MCO1PinFreq_Value=110000000
RCC.MSIClockRange=RCC_MSIRANGE_11
RCC.MSI_VALUE=48000000
RCC.OCTOSPIMFreq_Value=110000000
RCC.PLLM=12
RCC.PLLN=55
RCC.PLLPoutputFreq_Value=31428571.42857143
RCC.PLLQoutputFreq_Value=110000000
RCC.PLLRCLKFreq_Value=110000000
RCC.PLLSAI1M=4
RCC.PLLSAI1N=48
RCC.PLLSAI1P=RCC_PLLP_DIV17
RCC.PLLSAI1PoutputFreq_Value=11294117.647058824
RCC.PLLSAI1QoutputFreq_Value=96000000
RCC.PLLSAI1RoutputFreq_Value=96000000
RCC.PLLSAI1Source=RCC_PLLSAI1SOURCE_HSI
RCC.PLLSAI2PoutputFreq_Value=54857142.85714286
RCC.PWRFreq_Value=110000000
RCC.RNGFreq_Value=48000000
RCC.SAI1Freq_Value=11294117.647058824
RCC.SAI2Freq_Value=11294117.647058824
RCC.SDMMCClockSelection=RCC_SDIOCLKSOURCE_CLK48
RCC.SDMMCFreq_Value=48000000
RCC.SYSCLKFreq_VALUE=110000000
RCC.SYSCLKSource=RCC_SYSCLKSOURCE_PLLCLK
RCC.UART4Freq_Value=110000000
RCC.UART5Freq_Value=110000000
RCC.USART1Freq_Value=110000000
RCC.USART2Freq_Value=110000000
RCC.USART3Freq_Value=110000000
RCC.USBFreq_Value=48000000
RCC.VCOInput2Freq_Value=4000000
RCC.VCOInput3Freq_Value=48000000
RCC.VCOInputFreq_Value=4000000
RCC.VCOOutputFreq_Value=220000000
RCC.VCOSAI1OutputFreq_Value=192000000
RCC.VCOSAI2OutputFreq_Value=384000000
SAI1.ErrorAudioFreq-SAI_A_MasterWithClock=-77.02 %
SAI1.IPParameters=Instance-SAI_B_SPDIF,VirtualMode-SAI_B_SPDIF,RealAudioFreq-SAI_B_SPDIF,Instance-SAI_A_MasterWithClock,VirtualMode-SAI_A_MasterWithClock,MckOutput-SAI_A_MasterWithClock,RealAudioFreq-SAI_A_MasterWithClock,ErrorAudioFreq-SAI_A_MasterWithClock
SAI1.Instance-SAI_A_MasterWithClock=SAI$Index_Block_A
SAI1.Instance-SAI_B_SPDIF=SAI$Index_Block_B
SAI1.MckOutput-SAI_A_MasterWithClock=SAI_MCK_OUTPUT_ENABLE
SAI1.RealAudioFreq-SAI_A_MasterWithClock=44.117 KHz
SAI1.RealAudioFreq-SAI_B_SPDIF=214.285 KHz
SAI1.VirtualMode-SAI_A_MasterWithClock=VM_MASTER
SAI1.VirtualMode-SAI_B_SPDIF=VM_SPDIF
SH.ADCx_IN9.0=ADC1_IN9,IN9-Single-Ended
SH.ADCx_IN9.ConfNb=1
SH.FMC_A0.0=FMC_A0,A0_1
SH.FMC_A0.ConfNb=1
SH.FMC_D0_DA0.0=FMC_DA0
SH.FMC_D0_DA0.1=FMC_D0,16b-d1
SH.FMC_D0_DA0.ConfNb=2
SH.FMC_D10_DA10.0=FMC_DA10
SH.FMC_D10_DA10.1=FMC_D10,16b-d1
SH.FMC_D10_DA10.ConfNb=2
SH.FMC_D11_DA11.0=FMC_DA11
SH.FMC_D11_DA11.1=FMC_D11,16b-d1
SH.FMC_D11_DA11.ConfNb=2
SH.FMC_D12_DA12.0=FMC_DA12
SH.FMC_D12_DA12.1=FMC_D12,16b-d1
SH.FMC_D12_DA12.ConfNb=2
SH.FMC_D13_DA13.0=FMC_DA13
SH.FMC_D13_DA13.1=FMC_D13,16b-d1
SH.FMC_D13_DA13.ConfNb=2
SH.FMC_D14_DA14.0=FMC_DA14
SH.FMC_D14_DA14.1=FMC_D14,16b-d1
SH.FMC_D14_DA14.ConfNb=2
SH.FMC_D15_DA15.0=FMC_DA15
SH.FMC_D15_DA15.1=FMC_D15,16b-d1
SH.FMC_D15_DA15.ConfNb=2
SH.FMC_D1_DA1.0=FMC_DA1
SH.FMC_D1_DA1.1=FMC_D1,16b-d1
SH.FMC_D1_DA1.ConfNb=2
SH.FMC_D2_DA2.0=FMC_DA2
SH.FMC_D2_DA2.1=FMC_D2,16b-d1
SH.FMC_D2_DA2.ConfNb=2
SH.FMC_D3_DA3.0=FMC_DA3
SH.FMC_D3_DA3.1=FMC_D3,16b-d1
SH.FMC_D3_DA3.ConfNb=2
SH.FMC_D4_DA4.0=FMC_DA4
SH.FMC_D4_DA4.1=FMC_D4,16b-d1
SH.FMC_D4_DA4.ConfNb=2
SH.FMC_D5_DA5.0=FMC_DA5
SH.FMC_D5_DA5.1=FMC_D5,16b-d1
SH.FMC_D5_DA5.ConfNb=2
SH.FMC_D6_DA6.0=FMC_DA6
SH.FMC_D6_DA6.1=FMC_D6,16b-d1
SH.FMC_D6_DA6.ConfNb=2
SH.FMC_D7_DA7.0=FMC_DA7
SH.FMC_D7_DA7.1=FMC_D7,16b-d1
SH.FMC_D7_DA7.ConfNb=2
SH.FMC_D8_DA8.0=FMC_DA8
SH.FMC_D8_DA8.1=FMC_D8,16b-d1
SH.FMC_D8_DA8.ConfNb=2
SH.FMC_D9_DA9.0=FMC_DA9
SH.FMC_D9_DA9.1=FMC_D9,16b-d1
SH.FMC_D9_DA9.ConfNb=2
SH.FMC_NOE.0=FMC_NOE,Lcd1
SH.FMC_NOE.ConfNb=1
SH.FMC_NWE.0=FMC_NWE,Lcd1
SH.FMC_NWE.ConfNb=1
SH.GPXTI1.0=GPIO_EXTI1
SH.GPXTI1.ConfNb=1
SH.GPXTI2.0=GPIO_EXTI2
SH.GPXTI2.ConfNb=1
SH.GPXTI3.0=GPIO_EXTI3
SH.GPXTI3.ConfNb=1
SH.GPXTI6.0=GPIO_EXTI6
SH.GPXTI6.ConfNb=1
SH.S_CKOUTDFSDM1.0=DFSDM1_CKOUT,CKOUT
SH.S_CKOUTDFSDM1.ConfNb=1
SH.S_DATAIN1DFSDM1.0=DFSDM1_DATIN1,Manchester_input_from_ch1
SH.S_DATAIN1DFSDM1.ConfNb=1
SH.S_TIM17_CH1.0=TIM17_CH1,PWM Generation1 CH1
SH.S_TIM17_CH1.ConfNb=1
SPI1.BaudRatePrescaler=SPI_BAUDRATEPRESCALER_8
SPI1.CalculateBaudRate=13.75 MBits/s
SPI1.Direction=SPI_DIRECTION_2LINES
SPI1.IPParameters=VirtualType,Mode,Direction,CalculateBaudRate,VirtualNSS,BaudRatePrescaler
SPI1.Mode=SPI_MODE_MASTER
SPI1.VirtualNSS=VM_NSSHARD
SPI1.VirtualType=VM_MASTER
TIM17.Channel=TIM_CHANNEL_1
TIM17.IPParameters=Channel
USART1.IPParameters=VirtualMode-Asynchronous
USART1.VirtualMode-Asynchronous=VM_ASYNC
VP_AES_VS_AES.Mode=AES_Activate
VP_AES_VS_AES.Signal=AES_VS_AES
VP_DFSDM1_VS_IN0.Mode=Parallel_Input_ch0
VP_DFSDM1_VS_IN0.Signal=DFSDM1_VS_IN0
VP_DFSDM1_VS_IN2.Mode=Parallel_Input_ch2
VP_DFSDM1_VS_IN2.Signal=DFSDM1_VS_IN2
VP_FREERTOS_VS_CMSIS_V2.Mode=CMSIS_V2
VP_FREERTOS_VS_CMSIS_V2.Signal=FREERTOS_VS_CMSIS_V2
VP_GTZC_VS_GTZC_Enable.Mode=GTZC_Enable
VP_GTZC_VS_GTZC_Enable.Signal=GTZC_VS_GTZC_Enable
VP_HASH_VS_HASH.Mode=HASH_Activate
VP_HASH_VS_HASH.Signal=HASH_VS_HASH
VP_PKA_VS_PKA.Mode=PKA_Activate
VP_PKA_VS_PKA.Signal=PKA_VS_PKA
VP_PWR_VS_DBSignals.Mode=DisableDeadBatterySignals
VP_PWR_VS_DBSignals.Signal=PWR_VS_DBSignals
VP_RNG_VS_RNG.Mode=RNG_Activate
VP_RNG_VS_RNG.Signal=RNG_VS_RNG
VP_RTC_VS_RTC_Activate.Mode=RTC_Enabled
VP_RTC_VS_RTC_Activate.Signal=RTC_VS_RTC_Activate
VP_SYS_S_VS_Systick.Mode=SysTick
VP_SYS_S_VS_Systick.Signal=SYS_S_VS_Systick
VP_SYS_VS_tim1.Mode=TIM1
VP_SYS_VS_tim1.Signal=SYS_VS_tim1
VP_TIM16_VS_ClockSourceINT.Mode=Enable_Timer
VP_TIM16_VS_ClockSourceINT.Signal=TIM16_VS_ClockSourceINT
VP_TIM17_VS_ClockSourceINT.Mode=Enable_Timer
VP_TIM17_VS_ClockSourceINT.Signal=TIM17_VS_ClockSourceINT
VP_TIM4_VS_ClockSourceITR.Mode=TriggerSource_ITR1
VP_TIM4_VS_ClockSourceITR.Signal=TIM4_VS_ClockSourceITR
VP_TIM4_VS_ControllerModeClock.Mode=Clock Mode
VP_TIM4_VS_ControllerModeClock.Signal=TIM4_VS_ControllerModeClock
VP_wolfSSL.wolfSSL_VS_wolfSSLJjwolfSSL_4.4.1.Mode=wolfSSLJjwolfSSL
VP_wolfSSL.wolfSSL_VS_wolfSSLJjwolfSSL_4.4.1.Signal=wolfSSL.wolfSSL_VS_wolfSSLJjwolfSSL_4.4.1
board=STM32L562E-DK
boardIOC=true
wolfSSL.wolfSSL.4.4.1.IPParameters=wolfSSLCcwolfSSLJjwolfSSLJjCore,wolfSSLCcwolfSSLJjwolfCryptJjCore,wolfSSLCcwolfSSLJjwolfCryptJjTest,WOLF_CONF_MATH,WOLF_CONF_RTOS
wolfSSL.wolfSSL.4.4.1.WOLF_CONF_MATH=4
wolfSSL.wolfSSL.4.4.1.WOLF_CONF_RTOS=2
wolfSSL.wolfSSL.4.4.1.wolfSSLCcwolfSSLJjwolfCryptJjCore=true
wolfSSL.wolfSSL.4.4.1.wolfSSLCcwolfSSLJjwolfCryptJjTest=true
wolfSSL.wolfSSL.4.4.1.wolfSSLCcwolfSSLJjwolfSSLJjCore=true
wolfSSL.wolfSSL.4.4.1.wolfSSLJjwolfSSL_Checked=true
wolfSSL.wolfSSL.4.4.1_SwParameter=wolfSSLCcwolfSSLJjwolfCryptJjCore\:true;wolfSSLCcwolfSSLJjwolfCryptJjTest\:true;wolfSSLCcwolfSSLJjwolfSSLJjCore\:true;
isbadioc=false
