#MicroXplorer Configuration settings - do not modify
FREERTOS.FootprintOK=true
FREERTOS.IPParameters=Tasks01,configTOTAL_HEAP_SIZE,configUSE_MALLOC_FAILED_HOOK,configCHECK_FOR_STACK_OVERFLOW,FootprintOK
FREERTOS.Tasks01=defaultTask,24,128,StartDefaultTask,Default,NULL,Dynamic,NULL,NULL;wolfCrypt,8,8960,wolfCryptDemo,As external,NULL,Dynamic,NULL,NULL
FREERTOS.configCHECK_FOR_STACK_OVERFLOW=2
FREERTOS.configTOTAL_HEAP_SIZE=122880
FREERTOS.configUSE_MALLOC_FAILED_HOOK=1
File.Version=6
KeepUserPlacement=false
Mcu.Family=STM32F4
Mcu.IP0=FREERTOS
Mcu.IP1=NVIC
Mcu.IP2=RCC
Mcu.IP3=RNG
Mcu.IP4=RTC
Mcu.IP5=SYS
Mcu.IP6=USART2
Mcu.IPNb=7
Mcu.Name=STM32F407V(E-G)Tx
Mcu.Package=LQFP100
Mcu.Pin0=PA2
Mcu.Pin1=PA3
Mcu.Pin2=PC10
Mcu.Pin3=PC11
Mcu.Pin4=VP_FREERTOS_VS_CMSIS_V2
Mcu.Pin5=VP_RNG_VS_RNG
Mcu.Pin6=VP_RTC_VS_RTC_Activate
Mcu.Pin7=VP_SYS_VS_tim1
Mcu.Pin8=VP_wolfSSL.wolfSSL_VS_wolfSSLJjwolfSSL_4.4.1
Mcu.PinsNb=9
Mcu.ThirdParty0=wolfSSL.wolfSSL.4.4.1
Mcu.ThirdPartyNb=1
Mcu.UserConstants=
Mcu.UserName=STM32F407VGTx
MxCube.Version=5.6.1
MxDb.Version=DB.5.0.60
NVIC.BusFault_IRQn=true\:0\:0\:false\:false\:true\:false\:false\:false
NVIC.DebugMonitor_IRQn=true\:0\:0\:false\:false\:true\:false\:false\:false
NVIC.ForceEnableDMAVector=true
NVIC.HardFault_IRQn=true\:0\:0\:false\:false\:true\:false\:false\:false
NVIC.MemoryManagement_IRQn=true\:0\:0\:false\:false\:true\:false\:false\:false
NVIC.NonMaskableInt_IRQn=true\:0\:0\:false\:false\:true\:false\:false\:false
NVIC.PendSV_IRQn=true\:15\:0\:false\:false\:false\:true\:false\:false
NVIC.PriorityGroup=NVIC_PRIORITYGROUP_4
NVIC.SVCall_IRQn=true\:0\:0\:false\:false\:false\:false\:false\:false
NVIC.SysTick_IRQn=true\:15\:0\:false\:false\:false\:true\:false\:false
NVIC.TIM1_UP_TIM10_IRQn=true\:0\:0\:false\:false\:true\:false\:false\:true
NVIC.TimeBase=TIM1_UP_TIM10_IRQn
NVIC.TimeBaseIP=TIM1
NVIC.UsageFault_IRQn=true\:0\:0\:false\:false\:true\:false\:false\:false
PA2.Mode=Asynchronous
PA2.Signal=USART2_TX
PA3.Mode=Asynchronous
PA3.Signal=USART2_RX
PC10.Locked=true
PC10.Signal=UART4_TX
PC11.Locked=true
PC11.Signal=UART4_RX
PinOutPanel.RotationAngle=0
ProjectManager.AskForMigrate=true
ProjectManager.BackupPrevious=false
ProjectManager.CompilerOptimize=6
ProjectManager.ComputerToolchain=false
ProjectManager.CoupleFile=false
ProjectManager.CustomerFirmwarePackage=
ProjectManager.DefaultFWLocation=true
ProjectManager.DeletePrevious=true
ProjectManager.DeviceId=STM32F407VGTx
ProjectManager.FirmwarePackage=STM32Cube FW_F4 V1.25.0
ProjectManager.FreePins=false
ProjectManager.HalAssertFull=false
ProjectManager.HeapSize=0x200
ProjectManager.KeepUserCode=true
ProjectManager.LastFirmware=true
ProjectManager.LibraryCopy=1
ProjectManager.MainLocation=Core/Src
ProjectManager.NoMain=false
ProjectManager.PreviousToolchain=
ProjectManager.ProjectBuild=false
ProjectManager.ProjectFileName=STM32F407.ioc
ProjectManager.ProjectName=STM32F407
ProjectManager.StackSize=0x400
ProjectManager.TargetToolchain=STM32CubeIDE
ProjectManager.ToolChainLocation=
ProjectManager.UnderRoot=true
ProjectManager.functionlistsort=2-SystemClock_Config-RCC-false-HAL-false
RCC.AHBFreq_Value=16000000
RCC.APB1Freq_Value=16000000
RCC.APB2Freq_Value=16000000
RCC.CortexFreq_Value=16000000
RCC.FamilyName=M
RCC.HSE_VALUE=25000000
RCC.HSI_VALUE=16000000
RCC.I2SClocksFreq_Value=96000000
RCC.IPParameters=AHBFreq_Value,APB1Freq_Value,APB2Freq_Value,CortexFreq_Value,FamilyName,HSE_VALUE,HSI_VALUE,I2SClocksFreq_Value,LSE_VALUE,LSI_VALUE,PLLCLKFreq_Value,PLLQCLKFreq_Value,RTCFreq_Value,RTCHSEDivFreq_Value,SYSCLKFreq_VALUE,VCOI2SOutputFreq_Value,VCOInputFreq_Value,VCOOutputFreq_Value,VcooutputI2S
RCC.LSE_VALUE=32768
RCC.LSI_VALUE=32000
RCC.PLLCLKFreq_Value=96000000
RCC.PLLQCLKFreq_Value=48000000
RCC.RTCFreq_Value=32000
RCC.RTCHSEDivFreq_Value=12500000
RCC.SYSCLKFreq_VALUE=16000000
RCC.VCOI2SOutputFreq_Value=192000000
RCC.VCOInputFreq_Value=1000000
RCC.VCOOutputFreq_Value=192000000
RCC.VcooutputI2S=96000000
USART2.IPParameters=VirtualMode
USART2.VirtualMode=VM_ASYNC
VP_FREERTOS_VS_CMSIS_V2.Mode=CMSIS_V2
VP_FREERTOS_VS_CMSIS_V2.Signal=FREERTOS_VS_CMSIS_V2
VP_RNG_VS_RNG.Mode=RNG_Activate
VP_RNG_VS_RNG.Signal=RNG_VS_RNG
VP_RTC_VS_RTC_Activate.Mode=RTC_Enabled
VP_RTC_VS_RTC_Activate.Signal=RTC_VS_RTC_Activate
VP_SYS_VS_tim1.Mode=TIM1
VP_SYS_VS_tim1.Signal=SYS_VS_tim1
VP_wolfSSL.wolfSSL_VS_wolfSSLJjwolfSSL_4.4.1.Mode=wolfSSLJjwolfSSL
VP_wolfSSL.wolfSSL_VS_wolfSSLJjwolfSSL_4.4.1.Signal=wolfSSL.wolfSSL_VS_wolfSSLJjwolfSSL_4.4.1
board=custom
wolfSSL.wolfSSL.4.4.1.IPParameters=wolfSSLCcwolfSSLJjwolfSSLJjCore,wolfSSLCcwolfSSLJjwolfCryptJjCore,wolfSSLCcwolfSSLJjwolfCryptJjTest,WOLF_CONF_MATH,WOLF_CONF_RTOS
wolfSSL.wolfSSL.4.4.1.WOLF_CONF_MATH=4
wolfSSL.wolfSSL.4.4.1.WOLF_CONF_RTOS=2
wolfSSL.wolfSSL.4.4.1.wolfSSLCcwolfSSLJjwolfCryptJjCore=true
wolfSSL.wolfSSL.4.4.1.wolfSSLCcwolfSSLJjwolfCryptJjTest=true
wolfSSL.wolfSSL.4.4.1.wolfSSLCcwolfSSLJjwolfSSLJjCore=true
wolfSSL.wolfSSL.4.4.1.wolfSSLJjwolfSSL_Checked=true
wolfSSL.wolfSSL.4.4.1_SwParameter=wolfSSLCcwolfSSLJjwolfCryptJjCore\:true;wolfSSLCcwolfSSLJjwolfCryptJjTest\:true;wolfSSLCcwolfSSLJjwolfSSLJjCore\:true;
isbadioc=false
