#MicroXplorer Configuration settings - do not modify
FREERTOS.FootprintOK=true
FREERTOS.IPParameters=Tasks01,configTOTAL_HEAP_SIZE,configUSE_MALLOC_FAILED_HOOK,configCHECK_FOR_STACK_OVERFLOW,FootprintOK
FREERTOS.Tasks01=defaultTask,24,128,StartDefaultTask,Default,NULL,Dynamic,NULL,NULL;wolfCrypt,8,8960,wolfCryptDemo,As external,NULL,Dynamic,NULL,NULL
FREERTOS.configCHECK_FOR_STACK_OVERFLOW=2
FREERTOS.configTOTAL_HEAP_SIZE=131072
FREERTOS.configUSE_MALLOC_FAILED_HOOK=1
File.Version=6
KeepUserPlacement=false
Mcu.Family=STM32F4
Mcu.IP0=CRYP
Mcu.IP1=FMC
Mcu.IP2=FREERTOS
Mcu.IP3=HASH
Mcu.IP4=NVIC
Mcu.IP5=RCC
Mcu.IP6=RNG
Mcu.IP7=RTC
Mcu.IP8=SYS
Mcu.IP9=UART4
Mcu.IPNb=10
Mcu.Name=STM32F437I(G-I)Hx
Mcu.Package=UFBGA176
Mcu.Pin0=PE3
Mcu.Pin1=PD7
Mcu.Pin10=PF1
Mcu.Pin11=PF3
Mcu.Pin12=PF4
Mcu.Pin13=PF5
Mcu.Pin14=PG5
Mcu.Pin15=PG4
Mcu.Pin16=PG3
Mcu.Pin17=PD15
Mcu.Pin18=PG2
Mcu.Pin19=PG1
Mcu.Pin2=PD0
Mcu.Pin20=PD14
Mcu.Pin21=PD13
Mcu.Pin22=PF13
Mcu.Pin23=PG0
Mcu.Pin24=PE13
Mcu.Pin25=PD12
Mcu.Pin26=PD11
Mcu.Pin27=PD10
Mcu.Pin28=PF12
Mcu.Pin29=PF15
Mcu.Pin3=PC11
Mcu.Pin30=PE8
Mcu.Pin31=PE9
Mcu.Pin32=PE11
Mcu.Pin33=PE14
Mcu.Pin34=PD9
Mcu.Pin35=PD8
Mcu.Pin36=PF14
Mcu.Pin37=PE7
Mcu.Pin38=PE10
Mcu.Pin39=PE12
Mcu.Pin4=PC10
Mcu.Pin40=PE15
Mcu.Pin41=VP_CRYP_VS_CRYP
Mcu.Pin42=VP_FREERTOS_VS_CMSIS_V2
Mcu.Pin43=VP_HASH_VS_HASH
Mcu.Pin44=VP_RNG_VS_RNG
Mcu.Pin45=VP_RTC_VS_RTC_Activate
Mcu.Pin46=VP_RTC_VS_RTC_Calendar
Mcu.Pin47=VP_SYS_VS_tim1
Mcu.Pin48=VP_wolfSSL.wolfSSL_VS_wolfSSLJjwolfSSL_4.4.1
Mcu.Pin5=PD5
Mcu.Pin6=PD1
Mcu.Pin7=PD4
Mcu.Pin8=PF0
Mcu.Pin9=PF2
Mcu.PinsNb=49
Mcu.ThirdParty0=wolfSSL.wolfSSL.4.4.1
Mcu.ThirdPartyNb=1
Mcu.UserConstants=
Mcu.UserName=STM32F437IIHx
MxCube.Version=5.6.1
MxDb.Version=DB.5.0.60
NVIC.BusFault_IRQn=true\:0\:0\:false\:false\:true\:false\:false\:false
NVIC.DebugMonitor_IRQn=true\:0\:0\:false\:false\:true\:false\:false\:false
NVIC.ForceEnableDMAVector=true
NVIC.HardFault_IRQn=true\:0\:0\:false\:false\:true\:false\:false\:false
NVIC.MemoryManagement_IRQn=true\:0\:0\:false\:false\:true\:false\:false\:false
NVIC.NonMaskableInt_IRQn=true\:0\:0\:false\:false\:true\:false\:false\:false
NVIC.PendSV_IRQn=true\:15\:0\:false\:false\:false\:true\:false\:false
NVIC.PriorityGroup=NVIC_PRIORITYGROUP_4
NVIC.SVCall_IRQn=true\:0\:0\:false\:false\:false\:false\:false\:false
NVIC.SysTick_IRQn=true\:15\:0\:false\:false\:false\:true\:false\:false
NVIC.TIM1_UP_TIM10_IRQn=true\:0\:0\:false\:false\:true\:false\:false\:true
NVIC.TimeBase=TIM1_UP_TIM10_IRQn
NVIC.TimeBaseIP=TIM1
NVIC.UsageFault_IRQn=true\:0\:0\:false\:false\:true\:false\:false\:false
PC10.Mode=Asynchronous
PC10.Signal=UART4_TX
PC11.Mode=Asynchronous
PC11.Signal=UART4_RX
PD0.Signal=FMC_D2_DA2
PD1.Signal=FMC_D3_DA3
PD10.Signal=FMC_D15_DA15
PD11.Signal=FMC_A16_CLE
PD12.Signal=FMC_A17_ALE
PD13.Signal=FMC_A18
PD14.Signal=FMC_D0_DA0
PD15.Signal=FMC_D1_DA1
PD4.Signal=FMC_NOE
PD5.Signal=FMC_NWE
PD7.Mode=NorPsramChipSelect1_1
PD7.Signal=FMC_NE1
PD8.Signal=FMC_D13_DA13
PD9.Signal=FMC_D14_DA14
PE10.Signal=FMC_D7_DA7
PE11.Signal=FMC_D8_DA8
PE12.Signal=FMC_D9_DA9
PE13.Signal=FMC_D10_DA10
PE14.Signal=FMC_D11_DA11
PE15.Signal=FMC_D12_DA12
PE3.Signal=FMC_A19
PE7.Signal=FMC_D4_DA4
PE8.Signal=FMC_D5_DA5
PE9.Signal=FMC_D6_DA6
PF0.Signal=FMC_A0
PF1.Signal=FMC_A1
PF12.Signal=FMC_A6
PF13.Signal=FMC_A7
PF14.Signal=FMC_A8
PF15.Signal=FMC_A9
PF2.Signal=FMC_A2
PF3.Signal=FMC_A3
PF4.Signal=FMC_A4
PF5.Signal=FMC_A5
PG0.Signal=FMC_A10
PG1.Signal=FMC_A11
PG2.Signal=FMC_A12
PG3.Signal=FMC_A13
PG4.Signal=FMC_A14_BA0
PG5.Signal=FMC_A15_BA1
PinOutPanel.CurrentBGAView=Top
PinOutPanel.RotationAngle=0
ProjectManager.AskForMigrate=true
ProjectManager.BackupPrevious=false
ProjectManager.CompilerOptimize=6
ProjectManager.ComputerToolchain=false
ProjectManager.CoupleFile=false
ProjectManager.CustomerFirmwarePackage=
ProjectManager.DefaultFWLocation=true
ProjectManager.DeletePrevious=true
ProjectManager.DeviceId=STM32F437IIHx
ProjectManager.FirmwarePackage=STM32Cube FW_F4 V1.25.0
ProjectManager.FreePins=false
ProjectManager.HalAssertFull=false
ProjectManager.HeapSize=0x2000
ProjectManager.KeepUserCode=true
ProjectManager.LastFirmware=true
ProjectManager.LibraryCopy=1
ProjectManager.MainLocation=Core/Src
ProjectManager.NoMain=false
ProjectManager.PreviousToolchain=
ProjectManager.ProjectBuild=false
ProjectManager.ProjectFileName=STM32F437.ioc
ProjectManager.ProjectName=STM32F437
ProjectManager.StackSize=0x4000
ProjectManager.TargetToolchain=STM32CubeIDE
ProjectManager.ToolChainLocation=
ProjectManager.UnderRoot=true
ProjectManager.functionlistsort=1-MX_GPIO_Init-GPIO-false-HAL-true,2-SystemClock_Config-RCC-false-HAL-false,3-MX_CRYP_Init-CRYP-false-HAL-true,4-MX_HASH_Init-HASH-false-HAL-true,5-MX_RNG_Init-RNG-false-HAL-true,6-MX_UART4_Init-UART4-false-HAL-true,7-MX_RTC_Init-RTC-false-HAL-true,8-MX_FMC_Init-FMC-false-HAL-true
RCC.48MHZClocksFreq_Value=45714285.71428572
RCC.AHBFreq_Value=160000000
RCC.APB1CLKDivider=RCC_HCLK_DIV4
RCC.APB1Freq_Value=40000000
RCC.APB1TimFreq_Value=80000000
RCC.APB2CLKDivider=RCC_HCLK_DIV2
RCC.APB2Freq_Value=80000000
RCC.APB2TimFreq_Value=160000000
RCC.CortexFreq_Value=160000000
RCC.EthernetFreq_Value=160000000
RCC.FCLKCortexFreq_Value=160000000
RCC.FamilyName=M
RCC.HCLKFreq_Value=160000000
RCC.HSE_VALUE=25000000
RCC.HSI_VALUE=16000000
RCC.I2SClocksFreq_Value=192000000
RCC.IPParameters=48MHZClocksFreq_Value,AHBFreq_Value,APB1CLKDivider,APB1Freq_Value,APB1TimFreq_Value,APB2CLKDivider,APB2Freq_Value,APB2TimFreq_Value,CortexFreq_Value,EthernetFreq_Value,FCLKCortexFreq_Value,FamilyName,HCLKFreq_Value,HSE_VALUE,HSI_VALUE,I2SClocksFreq_Value,LSE_VALUE,LSI_VALUE,MCO2PinFreq_Value,PLLCLKFreq_Value,PLLM,PLLN,PLLQ,PLLQCLKFreq_Value,RTCFreq_Value,RTCHSEDivFreq_Value,SAI_AClocksFreq_Value,SAI_BClocksFreq_Value,SYSCLKFreq_VALUE,SYSCLKSource,VCOI2SOutputFreq_Value,VCOInputFreq_Value,VCOOutputFreq_Value,VCOSAIOutputFreq_Value,VCOSAIOutputFreq_ValueQ,VcooutputI2S,VcooutputI2SQ
RCC.LSE_VALUE=32768
RCC.LSI_VALUE=32000
RCC.MCO2PinFreq_Value=160000000
RCC.PLLCLKFreq_Value=160000000
RCC.PLLM=8
RCC.PLLN=160
RCC.PLLQ=7
RCC.PLLQCLKFreq_Value=45714285.71428572
RCC.RTCFreq_Value=32000
RCC.RTCHSEDivFreq_Value=12500000
RCC.SAI_AClocksFreq_Value=24500000
RCC.SAI_BClocksFreq_Value=24500000
RCC.SYSCLKFreq_VALUE=160000000
RCC.SYSCLKSource=RCC_SYSCLKSOURCE_PLLCLK
RCC.VCOI2SOutputFreq_Value=384000000
RCC.VCOInputFreq_Value=2000000
RCC.VCOOutputFreq_Value=320000000
RCC.VCOSAIOutputFreq_Value=98000000
RCC.VCOSAIOutputFreq_ValueQ=24500000
RCC.VcooutputI2S=192000000
RCC.VcooutputI2SQ=192000000
SH.FMC_A0.0=FMC_A0,20b-a1
SH.FMC_A0.ConfNb=1
SH.FMC_A1.0=FMC_A1,20b-a1
SH.FMC_A1.ConfNb=1
SH.FMC_A10.0=FMC_A10,20b-a1
SH.FMC_A10.ConfNb=1
SH.FMC_A11.0=FMC_A11,20b-a1
SH.FMC_A11.ConfNb=1
SH.FMC_A12.0=FMC_A12,20b-a1
SH.FMC_A12.ConfNb=1
SH.FMC_A13.0=FMC_A13,20b-a1
SH.FMC_A13.ConfNb=1
SH.FMC_A14_BA0.0=FMC_A14,20b-a1
SH.FMC_A14_BA0.ConfNb=1
SH.FMC_A15_BA1.0=FMC_A15,20b-a1
SH.FMC_A15_BA1.ConfNb=1
SH.FMC_A16_CLE.0=FMC_A16,20b-a1
SH.FMC_A16_CLE.ConfNb=1
SH.FMC_A17_ALE.0=FMC_A17,20b-a1
SH.FMC_A17_ALE.ConfNb=1
SH.FMC_A18.0=FMC_A18,20b-a1
SH.FMC_A18.ConfNb=1
SH.FMC_A19.0=FMC_A19,20b-a1
SH.FMC_A19.ConfNb=1
SH.FMC_A2.0=FMC_A2,20b-a1
SH.FMC_A2.ConfNb=1
SH.FMC_A3.0=FMC_A3,20b-a1
SH.FMC_A3.ConfNb=1
SH.FMC_A4.0=FMC_A4,20b-a1
SH.FMC_A4.ConfNb=1
SH.FMC_A5.0=FMC_A5,20b-a1
SH.FMC_A5.ConfNb=1
SH.FMC_A6.0=FMC_A6,20b-a1
SH.FMC_A6.ConfNb=1
SH.FMC_A7.0=FMC_A7,20b-a1
SH.FMC_A7.ConfNb=1
SH.FMC_A8.0=FMC_A8,20b-a1
SH.FMC_A8.ConfNb=1
SH.FMC_A9.0=FMC_A9,20b-a1
SH.FMC_A9.ConfNb=1
SH.FMC_D0_DA0.0=FMC_D0,16b-d1
SH.FMC_D0_DA0.ConfNb=1
SH.FMC_D10_DA10.0=FMC_D10,16b-d1
SH.FMC_D10_DA10.ConfNb=1
SH.FMC_D11_DA11.0=FMC_D11,16b-d1
SH.FMC_D11_DA11.ConfNb=1
SH.FMC_D12_DA12.0=FMC_D12,16b-d1
SH.FMC_D12_DA12.ConfNb=1
SH.FMC_D13_DA13.0=FMC_D13,16b-d1
SH.FMC_D13_DA13.ConfNb=1
SH.FMC_D14_DA14.0=FMC_D14,16b-d1
SH.FMC_D14_DA14.ConfNb=1
SH.FMC_D15_DA15.0=FMC_D15,16b-d1
SH.FMC_D15_DA15.ConfNb=1
SH.FMC_D1_DA1.0=FMC_D1,16b-d1
SH.FMC_D1_DA1.ConfNb=1
SH.FMC_D2_DA2.0=FMC_D2,16b-d1
SH.FMC_D2_DA2.ConfNb=1
SH.FMC_D3_DA3.0=FMC_D3,16b-d1
SH.FMC_D3_DA3.ConfNb=1
SH.FMC_D4_DA4.0=FMC_D4,16b-d1
SH.FMC_D4_DA4.ConfNb=1
SH.FMC_D5_DA5.0=FMC_D5,16b-d1
SH.FMC_D5_DA5.ConfNb=1
SH.FMC_D6_DA6.0=FMC_D6,16b-d1
SH.FMC_D6_DA6.ConfNb=1
SH.FMC_D7_DA7.0=FMC_D7,16b-d1
SH.FMC_D7_DA7.ConfNb=1
SH.FMC_D8_DA8.0=FMC_D8,16b-d1
SH.FMC_D8_DA8.ConfNb=1
SH.FMC_D9_DA9.0=FMC_D9,16b-d1
SH.FMC_D9_DA9.ConfNb=1
SH.FMC_NOE.0=FMC_NOE,Sram1
SH.FMC_NOE.ConfNb=1
SH.FMC_NWE.0=FMC_NWE,Sram1
SH.FMC_NWE.ConfNb=1
UART4.IPParameters=VirtualMode
UART4.VirtualMode=Asynchronous
VP_CRYP_VS_CRYP.Mode=CRYP_Activate
VP_CRYP_VS_CRYP.Signal=CRYP_VS_CRYP
VP_FREERTOS_VS_CMSIS_V2.Mode=CMSIS_V2
VP_FREERTOS_VS_CMSIS_V2.Signal=FREERTOS_VS_CMSIS_V2
VP_HASH_VS_HASH.Mode=HASH_Activate
VP_HASH_VS_HASH.Signal=HASH_VS_HASH
VP_RNG_VS_RNG.Mode=RNG_Activate
VP_RNG_VS_RNG.Signal=RNG_VS_RNG
VP_RTC_VS_RTC_Activate.Mode=RTC_Enabled
VP_RTC_VS_RTC_Activate.Signal=RTC_VS_RTC_Activate
VP_RTC_VS_RTC_Calendar.Mode=RTC_Calendar
VP_RTC_VS_RTC_Calendar.Signal=RTC_VS_RTC_Calendar
VP_SYS_VS_tim1.Mode=TIM1
VP_SYS_VS_tim1.Signal=SYS_VS_tim1
VP_wolfSSL.wolfSSL_VS_wolfSSLJjwolfSSL_4.4.1.Mode=wolfSSLJjwolfSSL
VP_wolfSSL.wolfSSL_VS_wolfSSLJjwolfSSL_4.4.1.Signal=wolfSSL.wolfSSL_VS_wolfSSLJjwolfSSL_4.4.1
board=custom
wolfSSL.wolfSSL.4.4.1.IPParameters=wolfSSLCcwolfSSLJjwolfSSLJjCore,wolfSSLCcwolfSSLJjwolfCryptJjTest,WOLFCRYPT_ONLY,WOLF_CONF_MATH,WOLF_CONF_RTOS
wolfSSL.wolfSSL.4.4.1.WOLFCRYPT_ONLY=False
wolfSSL.wolfSSL.4.4.1.WOLF_CONF_MATH=4
wolfSSL.wolfSSL.4.4.1.WOLF_CONF_RTOS=2
wolfSSL.wolfSSL.4.4.1.wolfSSLCcwolfSSLJjwolfCryptJjTest=true
wolfSSL.wolfSSL.4.4.1.wolfSSLCcwolfSSLJjwolfSSLJjCore=true
wolfSSL.wolfSSL.4.4.1.wolfSSLJjwolfSSL_Checked=true
wolfSSL.wolfSSL.4.4.1_SwParameter=wolfSSLCcwolfSSLJjwolfCryptJjTest\:true;wolfSSLCcwolfSSLJjwolfSSLJjCore\:true;
isbadioc=false
