#MicroXplorer Configuration settings - do not modify
ADC1.Channel-0\#ChannelRegularConversion=ADC_CHANNEL_3
ADC1.IPParameters=Rank-0\#ChannelRegularConversion,Channel-0\#ChannelRegularConversion,SamplingTime-0\#ChannelRegularConversion,OffsetNumber-0\#ChannelRegularConversion,NbrOfConversionFlag,master
ADC1.NbrOfConversionFlag=1
ADC1.OffsetNumber-0\#ChannelRegularConversion=ADC_OFFSET_NONE
ADC1.Rank-0\#ChannelRegularConversion=1
ADC1.SamplingTime-0\#ChannelRegularConversion=ADC_SAMPLETIME_2CYCLES_5
ADC1.master=1
FREERTOS.FootprintOK=true
FREERTOS.IPParameters=Tasks01,configTOTAL_HEAP_SIZE,configUSE_MALLOC_FAILED_HOOK,configCHECK_FOR_STACK_OVERFLOW,FootprintOK
FREERTOS.Tasks01=defaultTask,24,128,StartDefaultTask,Default,NULL,Dynamic,NULL,NULL;wolfCrypt,8,35840,wolfCryptDemo,As external,NULL,Dynamic,NULL,NULL
FREERTOS.configCHECK_FOR_STACK_OVERFLOW=2
FREERTOS.configTOTAL_HEAP_SIZE=180000
FREERTOS.configUSE_MALLOC_FAILED_HOOK=1
File.Version=6
KeepUserPlacement=false
LPUART1.BaudRate=115200
LPUART1.IPParameters=BaudRate
Mcu.Family=STM32L5
Mcu.IP0=ADC1
Mcu.IP1=DEBUG
Mcu.IP10=SYS
Mcu.IP11=UCPD1
Mcu.IP12=USB
Mcu.IP2=FREERTOS
Mcu.IP3=HASH
Mcu.IP4=LPUART1
Mcu.IP5=NVIC
Mcu.IP6=PWR
Mcu.IP7=RCC
Mcu.IP8=RNG
Mcu.IP9=RTC
Mcu.IPNb=13
Mcu.Name=STM32L552Z(C-E)TxQ
Mcu.Package=LQFP144
Mcu.Pin0=PC13
Mcu.Pin1=PC14-OSC32_IN (PC14)
Mcu.Pin10=PA11
Mcu.Pin11=PA12
Mcu.Pin12=PA13 (JTMS/SWDIO)
Mcu.Pin13=PA14 (JTCK/SWCLK)
Mcu.Pin14=PA15 (JTDI)
Mcu.Pin15=PB3 (JTDO/TRACESWO)
Mcu.Pin16=PB5
Mcu.Pin17=PB7
Mcu.Pin18=VP_FREERTOS_VS_CMSIS_V2
Mcu.Pin19=VP_HASH_VS_HASH
Mcu.Pin2=PC15-OSC32_OUT (PC15)
Mcu.Pin20=VP_PWR_VS_DBSignals
Mcu.Pin21=VP_RNG_VS_RNG
Mcu.Pin22=VP_RTC_VS_RTC_Activate
Mcu.Pin23=VP_SYS_VS_tim1
Mcu.Pin24=VP_wolfSSL.wolfSSL_VS_wolfSSLJjwolfSSL_4.4.1
Mcu.Pin3=PC2
Mcu.Pin4=PB14
Mcu.Pin5=PB15
Mcu.Pin6=PG7
Mcu.Pin7=PG8
Mcu.Pin8=PC7
Mcu.Pin9=PA9
Mcu.PinsNb=25
Mcu.ThirdParty0=wolfSSL.wolfSSL.4.4.1
Mcu.ThirdPartyNb=1
Mcu.TrustZone=disable
Mcu.UserConstants=
Mcu.UserName=STM32L552ZETxQ
MxCube.Version=5.6.1
MxDb.Version=DB.5.0.60
NVIC.BusFault_IRQn=true\:0\:0\:false\:false\:true\:false\:false\:false
NVIC.DebugMonitor_IRQn=true\:0\:0\:false\:false\:true\:false\:false\:false
NVIC.ForceEnableDMAVector=true
NVIC.HardFault_IRQn=true\:0\:0\:false\:false\:true\:false\:false\:false
NVIC.MemoryManagement_IRQn=true\:0\:0\:false\:false\:true\:false\:false\:false
NVIC.NonMaskableInt_IRQn=true\:0\:0\:false\:false\:true\:false\:false\:false
NVIC.PendSV_IRQn=true\:7\:0\:false\:false\:false\:true\:false\:false
NVIC.PriorityGroup=NVIC_PRIORITYGROUP_3
NVIC.SVCall_IRQn=true\:0\:0\:false\:false\:false\:false\:false\:false
NVIC.SysTick_IRQn=true\:7\:0\:false\:false\:false\:true\:false\:false
NVIC.TIM1_UP_IRQn=true\:0\:0\:false\:false\:true\:false\:false\:true
NVIC.TimeBase=TIM1_UP_IRQn
NVIC.TimeBaseIP=TIM1
NVIC.UsageFault_IRQn=true\:0\:0\:false\:false\:true\:false\:false\:false
PA11.Locked=true
PA11.Mode=Device
PA11.Signal=USB_DM
PA12.Mode=Device
PA12.Signal=USB_DP
PA13\ (JTMS/SWDIO).Locked=true
PA13\ (JTMS/SWDIO).Mode=Trace_Asynchronous_SW
PA13\ (JTMS/SWDIO).Signal=DEBUG_JTMS-SWDIO
PA14\ (JTCK/SWCLK).Locked=true
PA14\ (JTCK/SWCLK).Mode=Trace_Asynchronous_SW
PA14\ (JTCK/SWCLK).Signal=DEBUG_JTCK-SWCLK
PA15\ (JTDI).Locked=true
PA15\ (JTDI).Mode=Source_AllSignals
PA15\ (JTDI).Signal=UCPD1_CC1
PA9.GPIOParameters=GPIO_Label
PA9.GPIO_Label=LED_RED
PA9.Locked=true
PA9.Signal=GPIO_Output
PB14.GPIOParameters=GPIO_Label
PB14.GPIO_Label=UCPD_FLT
PB14.Locked=true
PB14.Signal=GPXTI14
PB15.Locked=true
PB15.Mode=Source_AllSignals
PB15.Signal=UCPD1_CC2
PB3\ (JTDO/TRACESWO).Locked=true
PB3\ (JTDO/TRACESWO).Mode=Trace_Asynchronous_SW
PB3\ (JTDO/TRACESWO).Signal=DEBUG_JTDO-SWO
PB5.GPIOParameters=GPIO_Label
PB5.GPIO_Label=UCPD_DBN
PB5.Locked=true
PB5.Signal=GPIO_Output
PB7.GPIOParameters=GPIO_Label
PB7.GPIO_Label=LED_BLUE
PB7.Locked=true
PB7.Signal=GPIO_Output
PC13.GPIOParameters=GPIO_Label
PC13.GPIO_Label=USER_BUTTON
PC13.Locked=true
PC13.Mode=WakeUp1
PC13.Signal=PWR_WKUP2
PC14-OSC32_IN\ (PC14).Locked=true
PC14-OSC32_IN\ (PC14).Mode=LSE-External-Oscillator
PC14-OSC32_IN\ (PC14).Signal=RCC_OSC32_IN
PC15-OSC32_OUT\ (PC15).Locked=true
PC15-OSC32_OUT\ (PC15).Mode=LSE-External-Oscillator
PC15-OSC32_OUT\ (PC15).Signal=RCC_OSC32_OUT
PC2.GPIOParameters=GPIO_Label
PC2.GPIO_Label=VBUS_SENSE
PC2.Locked=true
PC2.Signal=ADCx_IN3
PC7.GPIOParameters=GPIO_Label
PC7.GPIO_Label=LED_GREEN
PC7.Locked=true
PC7.Signal=GPIO_Output
PG7.GPIOParameters=GPIO_Label
PG7.GPIO_Label=ST-LINK_VCP_TX
PG7.Locked=true
PG7.Mode=Asynchronous
PG7.Signal=LPUART1_TX
PG8.GPIOParameters=GPIO_Label
PG8.GPIO_Label=ST-LINK_VCP_RX
PG8.Locked=true
PG8.Mode=Asynchronous
PG8.Signal=LPUART1_RX
PinOutPanel.RotationAngle=0
ProjectManager.AskForMigrate=true
ProjectManager.BackupPrevious=false
ProjectManager.CompilerOptimize=6
ProjectManager.ComputerToolchain=false
ProjectManager.CoupleFile=false
ProjectManager.CustomerFirmwarePackage=
ProjectManager.DefaultFWLocation=true
ProjectManager.DeletePrevious=true
ProjectManager.DeviceId=STM32L552ZETxQ
ProjectManager.FirmwarePackage=STM32Cube FW_L5 V1.2.0
ProjectManager.FreePins=false
ProjectManager.HalAssertFull=false
ProjectManager.HeapSize=0x200
ProjectManager.KeepUserCode=true
ProjectManager.LastFirmware=true
ProjectManager.LibraryCopy=1
ProjectManager.MainLocation=Core/Src
ProjectManager.NoMain=false
ProjectManager.PreviousToolchain=
ProjectManager.ProjectBuild=false
ProjectManager.ProjectFileName=STM32L552.ioc
ProjectManager.ProjectName=STM32L552
ProjectManager.StackSize=0x400
ProjectManager.TargetToolchain=STM32CubeIDE
ProjectManager.ToolChainLocation=
ProjectManager.UnderRoot=true
ProjectManager.functionlistsort=1-MX_GPIO_Init-GPIO-false-HAL-true,2-SystemClock_Config-RCC-false-HAL-false,3-MX_ADC1_Init-ADC1-false-HAL-true,4-MX_LPUART1_UART_Init-LPUART1-false-HAL-true,5-MX_RTC_Init-RTC-false-HAL-true,6-MX_UCPD1_Init-UCPD1-false-LL-true,7-MX_USB_PCD_Init-USB-false-HAL-true,0-MX_PWR_Init-PWR-false-HAL-true
RCC.ADCCLockSelection=RCC_ADCCLKSOURCE_SYSCLK
RCC.ADCFreq_Value=110000000
RCC.AHBFreq_Value=110000000
RCC.APB1Freq_Value=110000000
RCC.APB1TimFreq_Value=110000000
RCC.APB2Freq_Value=110000000
RCC.APB2TimFreq_Value=110000000
RCC.CK48CLockSelection=RCC_USBCLKSOURCE_HSI48
RCC.CRSFreq_Value=48000000
RCC.CortexFreq_Value=110000000
RCC.DFSDMAudioFreq_Value=4000000
RCC.DFSDMFreq_Value=110000000
RCC.FCLKCortexFreq_Value=110000000
RCC.FDCANFreq_Value=110000000
RCC.FamilyName=M
RCC.HCLKFreq_Value=110000000
RCC.HSE_VALUE=8000000
RCC.HSI48_VALUE=48000000
RCC.HSI_VALUE=16000000
RCC.I2C1Freq_Value=110000000
RCC.I2C2Freq_Value=110000000
RCC.I2C3Freq_Value=110000000
RCC.I2C4Freq_Value=110000000
RCC.IPParameters=ADCCLockSelection,ADCFreq_Value,AHBFreq_Value,APB1Freq_Value,APB1TimFreq_Value,APB2Freq_Value,APB2TimFreq_Value,CK48CLockSelection,CRSFreq_Value,CortexFreq_Value,DFSDMAudioFreq_Value,DFSDMFreq_Value,FCLKCortexFreq_Value,FDCANFreq_Value,FamilyName,HCLKFreq_Value,HSE_VALUE,HSI48_VALUE,HSI_VALUE,I2C1Freq_Value,I2C2Freq_Value,I2C3Freq_Value,I2C4Freq_Value,LPTIM1Freq_Value,LPTIM2Freq_Value,LPTIM3Freq_Value,LPUART1Freq_Value,LSCOPinFreq_Value,LSI_VALUE,MCO1PinFreq_Value,MSI_VALUE,OCTOSPIMFreq_Value,PLLN,PLLPoutputFreq_Value,PLLQoutputFreq_Value,PLLRCLKFreq_Value,PLLSAI1N,PLLSAI1PoutputFreq_Value,PLLSAI1QoutputFreq_Value,PLLSAI1RoutputFreq_Value,PLLSAI2PoutputFreq_Value,PWRFreq_Value,RNGFreq_Value,RTCClockSelection,RTCFreq_Value,SAI1Freq_Value,SAI2Freq_Value,SDMMCFreq_Value,SYSCLKFreq_VALUE,SYSCLKSource,UART4Freq_Value,UART5Freq_Value,USART1Freq_Value,USART2Freq_Value,USART3Freq_Value,USBFreq_Value,VCOInput2Freq_Value,VCOInput3Freq_Value,VCOInputFreq_Value,VCOOutputFreq_Value,VCOSAI1OutputFreq_Value,VCOSAI2OutputFreq_Value
RCC.LPTIM1Freq_Value=110000000
RCC.LPTIM2Freq_Value=110000000
RCC.LPTIM3Freq_Value=110000000
RCC.LPUART1Freq_Value=110000000
RCC.LSCOPinFreq_Value=32000
RCC.LSI_VALUE=32000
RCC.MCO1PinFreq_Value=110000000
RCC.MSI_VALUE=4000000
RCC.OCTOSPIMFreq_Value=110000000
RCC.PLLN=55
RCC.PLLPoutputFreq_Value=31428571.42857143
RCC.PLLQoutputFreq_Value=110000000
RCC.PLLRCLKFreq_Value=110000000
RCC.PLLSAI1N=24
RCC.PLLSAI1PoutputFreq_Value=13714285.714285715
RCC.PLLSAI1QoutputFreq_Value=48000000
RCC.PLLSAI1RoutputFreq_Value=48000000
RCC.PLLSAI2PoutputFreq_Value=4571428.571428572
RCC.PWRFreq_Value=110000000
RCC.RNGFreq_Value=48000000
RCC.RTCClockSelection=RCC_RTCCLKSOURCE_LSE
RCC.RTCFreq_Value=32768
RCC.SAI1Freq_Value=13714285.714285715
RCC.SAI2Freq_Value=13714285.714285715
RCC.SDMMCFreq_Value=31428571.42857143
RCC.SYSCLKFreq_VALUE=110000000
RCC.SYSCLKSource=RCC_SYSCLKSOURCE_PLLCLK
RCC.UART4Freq_Value=110000000
RCC.UART5Freq_Value=110000000
RCC.USART1Freq_Value=110000000
RCC.USART2Freq_Value=110000000
RCC.USART3Freq_Value=110000000
RCC.USBFreq_Value=48000000
RCC.VCOInput2Freq_Value=4000000
RCC.VCOInput3Freq_Value=4000000
RCC.VCOInputFreq_Value=4000000
RCC.VCOOutputFreq_Value=220000000
RCC.VCOSAI1OutputFreq_Value=96000000
RCC.VCOSAI2OutputFreq_Value=32000000
SH.ADCx_IN3.0=ADC1_IN3,IN3-Single-Ended
SH.ADCx_IN3.ConfNb=1
SH.GPXTI14.0=GPIO_EXTI14
SH.GPXTI14.ConfNb=1
VP_FREERTOS_VS_CMSIS_V2.Mode=CMSIS_V2
VP_FREERTOS_VS_CMSIS_V2.Signal=FREERTOS_VS_CMSIS_V2
VP_HASH_VS_HASH.Mode=HASH_Activate
VP_HASH_VS_HASH.Signal=HASH_VS_HASH
VP_PWR_VS_DBSignals.Mode=DisableDeadBatterySignals
VP_PWR_VS_DBSignals.Signal=PWR_VS_DBSignals
VP_RNG_VS_RNG.Mode=RNG_Activate
VP_RNG_VS_RNG.Signal=RNG_VS_RNG
VP_RTC_VS_RTC_Activate.Mode=RTC_Enabled
VP_RTC_VS_RTC_Activate.Signal=RTC_VS_RTC_Activate
VP_SYS_VS_tim1.Mode=TIM1
VP_SYS_VS_tim1.Signal=SYS_VS_tim1
VP_wolfSSL.wolfSSL_VS_wolfSSLJjwolfSSL_4.4.1.Mode=wolfSSLJjwolfSSL
VP_wolfSSL.wolfSSL_VS_wolfSSLJjwolfSSL_4.4.1.Signal=wolfSSL.wolfSSL_VS_wolfSSLJjwolfSSL_4.4.1
board=NUCLEO-L552ZE-Q
boardIOC=true
wolfSSL.wolfSSL.4.4.1.IPParameters=wolfSSLCcwolfSSLJjwolfSSLJjCore,wolfSSLCcwolfSSLJjwolfCryptJjCore,wolfSSLCcwolfSSLJjwolfCryptJjTest,WOLF_CONF_MATH,WOLF_CONF_RTOS
wolfSSL.wolfSSL.4.4.1.WOLF_CONF_MATH=4
wolfSSL.wolfSSL.4.4.1.WOLF_CONF_RTOS=2
wolfSSL.wolfSSL.4.4.1.wolfSSLCcwolfSSLJjwolfCryptJjCore=true
wolfSSL.wolfSSL.4.4.1.wolfSSLCcwolfSSLJjwolfCryptJjTest=true
wolfSSL.wolfSSL.4.4.1.wolfSSLCcwolfSSLJjwolfSSLJjCore=true
wolfSSL.wolfSSL.4.4.1.wolfSSLJjwolfSSL_Checked=true
wolfSSL.wolfSSL.4.4.1_SwParameter=wolfSSLCcwolfSSLJjwolfCryptJjCore\:true;wolfSSLCcwolfSSLJjwolfCryptJjTest\:true;wolfSSLCcwolfSSLJjwolfSSLJjCore\:true;
isbadioc=false
