
Microsoft Visual Studio Solution File, Format Version 12.00
# Visual Studio Version 17
VisualStudioVersion = 17.6.33815.320
MinimumVisualStudioVersion = 10.0.40219.1
Project("{803FD0C6-D64E-4E16-9DC3-1DAEC859A3D2}") = "wolfssl_test_IDF_v5_ESP32S2", "wolfssl_test_IDF_v5_ESP32S2.vgdbproj", "{EADCC9AB-72B3-4B51-A838-593E5D80DDF7}"
EndProject
Project("{2150E333-8FDC-42A3-9474-1A3956D46DE8}") = "wolfssl", "wolfssl", "{B18B004C-75A5-4569-857C-BFDB7A0DDE66}"
EndProject
Project("{2150E333-8FDC-42A3-9474-1A3956D46DE8}") = "Solution Items", "Solution Items", "{659DEA11-DB60-4A90-838A-639F265D2C43}"
	ProjectSection(SolutionItems) = preProject
		..\README.md = ..\README.md
	EndProjectSection
EndProject
Project("{2150E333-8FDC-42A3-9474-1A3956D46DE8}") = "include", "include", "{204ED033-2CB1-4B10-AA16-A5BDCEC89C5F}"
	ProjectSection(SolutionItems) = preProject
		..\components\wolfssl\include\config.h = ..\components\wolfssl\include\config.h
		..\components\wolfssl\include\user_settings.h = ..\components\wolfssl\include\user_settings.h
	EndProjectSection
EndProject
Global
	GlobalSection(SolutionConfigurationPlatforms) = preSolution
		Debug|VisualGDB = Debug|VisualGDB
		Release|VisualGDB = Release|VisualGDB
		Tests (Debug)|VisualGDB = Tests (Debug)|VisualGDB
		Tests (Release)|VisualGDB = Tests (Release)|VisualGDB
	EndGlobalSection
	GlobalSection(ProjectConfigurationPlatforms) = postSolution
		{EADCC9AB-72B3-4B51-A838-593E5D80DDF7}.Debug|VisualGDB.ActiveCfg = Debug|VisualGDB
		{EADCC9AB-72B3-4B51-A838-593E5D80DDF7}.Debug|VisualGDB.Build.0 = Debug|VisualGDB
		{EADCC9AB-72B3-4B51-A838-593E5D80DDF7}.Release|VisualGDB.ActiveCfg = Release|VisualGDB
		{EADCC9AB-72B3-4B51-A838-593E5D80DDF7}.Release|VisualGDB.Build.0 = Release|VisualGDB
		{EADCC9AB-72B3-4B51-A838-593E5D80DDF7}.Tests (Debug)|VisualGDB.ActiveCfg = Tests (Debug)|VisualGDB
		{EADCC9AB-72B3-4B51-A838-593E5D80DDF7}.Tests (Debug)|VisualGDB.Build.0 = Tests (Debug)|VisualGDB
		{EADCC9AB-72B3-4B51-A838-593E5D80DDF7}.Tests (Release)|VisualGDB.ActiveCfg = Tests (Release)|VisualGDB
		{EADCC9AB-72B3-4B51-A838-593E5D80DDF7}.Tests (Release)|VisualGDB.Build.0 = Tests (Release)|VisualGDB
	EndGlobalSection
	GlobalSection(SolutionProperties) = preSolution
		HideSolutionNode = FALSE
	EndGlobalSection
	GlobalSection(NestedProjects) = preSolution
		{204ED033-2CB1-4B10-AA16-A5BDCEC89C5F} = {B18B004C-75A5-4569-857C-BFDB7A0DDE66}
	EndGlobalSection
	GlobalSection(ExtensibilityGlobals) = postSolution
		SolutionGuid = {48C05769-394F-4D45-AF33-8477DD6730A4}
	EndGlobalSection
EndGlobal
